// !$*UTF8*$!
{
	archiveVersion = 1;
	classes = {
	};
	objectVersion = 46;
	objects = {

/* Begin PBXBuildFile section */
		30496F861CD9896300C8B5E6 /* WTHomeViewController.swift in Sources */ = {isa = PBXBuildFile; fileRef = 30496F6E1CD9896300C8B5E6 /* WTHomeViewController.swift */; };
		30496F871CD9896300C8B5E6 /* WTHomeViewController.xib in Resources */ = {isa = PBXBuildFile; fileRef = 30496F6F1CD9896300C8B5E6 /* WTHomeViewController.xib */; };
		30496F8A1CD9896300C8B5E6 /* WTSomeDramaViewController.swift in Sources */ = {isa = PBXBuildFile; fileRef = 30496F811CD9896300C8B5E6 /* WTSomeDramaViewController.swift */; };
		30496F971CD9CDFF00C8B5E6 /* NetworkTools.swift in Sources */ = {isa = PBXBuildFile; fileRef = 30496F961CD9CDFE00C8B5E6 /* NetworkTools.swift */; };
		B6271D661D5D752D00A66983 /* IJKMediaFramework.framework in Frameworks */ = {isa = PBXBuildFile; fileRef = B6271D651D5D752D00A66983 /* IJKMediaFramework.framework */; };
		B66E25EF1CF74BCE00A15BDF /* WTLiveDetailUserInfoView.swift in Sources */ = {isa = PBXBuildFile; fileRef = B66E25EE1CF74BCE00A15BDF /* WTLiveDetailUserInfoView.swift */; };
		B66E25F31CF74C4500A15BDF /* WTLiveDetailUserInfoView.xib in Resources */ = {isa = PBXBuildFile; fileRef = B66E25F21CF74C4500A15BDF /* WTLiveDetailUserInfoView.xib */; };
		B67FF7AF1D0D7E3200BF5C84 /* WTRegisterVerifyPhoneViewController.swift in Sources */ = {isa = PBXBuildFile; fileRef = B67FF7AD1D0D7E3200BF5C84 /* WTRegisterVerifyPhoneViewController.swift */; };
		B67FF7B01D0D7E3200BF5C84 /* WTRegisterVerifyPhoneViewController.xib in Resources */ = {isa = PBXBuildFile; fileRef = B67FF7AE1D0D7E3200BF5C84 /* WTRegisterVerifyPhoneViewController.xib */; };
		B67FF7B21D0D843A00BF5C84 /* UIBarButtonItem-Extension.swift in Sources */ = {isa = PBXBuildFile; fileRef = B67FF7B11D0D843A00BF5C84 /* UIBarButtonItem-Extension.swift */; };
		B67FF7B91D0DA2EC00BF5C84 /* WTGameCenterCell.swift in Sources */ = {isa = PBXBuildFile; fileRef = B67FF7B71D0DA2EC00BF5C84 /* WTGameCenterCell.swift */; };
		B67FF7BA1D0DA2EC00BF5C84 /* WTGameCenterCell.xib in Resources */ = {isa = PBXBuildFile; fileRef = B67FF7B81D0DA2EC00BF5C84 /* WTGameCenterCell.xib */; };
		B67FF7BC1D0DA3A400BF5C84 /* WTGameCenterItem.swift in Sources */ = {isa = PBXBuildFile; fileRef = B67FF7BB1D0DA3A400BF5C84 /* WTGameCenterItem.swift */; };
		B67FF7BE1D0DA3FB00BF5C84 /* WTGameCenterController.swift in Sources */ = {isa = PBXBuildFile; fileRef = B67FF7BD1D0DA3FB00BF5C84 /* WTGameCenterController.swift */; };
		B68023741D12402300F17504 /* WTBiliControllerContainerView.swift in Sources */ = {isa = PBXBuildFile; fileRef = B68023731D12402300F17504 /* WTBiliControllerContainerView.swift */; };
		B68023761D12410F00F17504 /* WTLiveDanmakuViewController.swift in Sources */ = {isa = PBXBuildFile; fileRef = B68023751D12410F00F17504 /* WTLiveDanmakuViewController.swift */; };
		B680237F1D124D8D00F17504 /* XMGTopWindow.m in Sources */ = {isa = PBXBuildFile; fileRef = B680237C1D124D8D00F17504 /* XMGTopWindow.m */; };
		B68023801D124D8D00F17504 /* XMGTopWindowViewController.m in Sources */ = {isa = PBXBuildFile; fileRef = B680237E1D124D8D00F17504 /* XMGTopWindowViewController.m */; };
		B68023821D12BB6F00F17504 /* WTPlayerControlPanelV2.swift in Sources */ = {isa = PBXBuildFile; fileRef = B68023811D12BB6F00F17504 /* WTPlayerControlPanelV2.swift */; };
		B68023841D12BBE800F17504 /* WTPlayerControlPanelV2.xib in Resources */ = {isa = PBXBuildFile; fileRef = B68023831D12BBE800F17504 /* WTPlayerControlPanelV2.xib */; };
		B699B8531CFF14B300AFB98E /* WTLabel.swift in Sources */ = {isa = PBXBuildFile; fileRef = B699B8521CFF14B300AFB98E /* WTLabel.swift */; };
		B699B8541CFF191000AFB98E /* HY-QiHei50.ttf in Resources */ = {isa = PBXBuildFile; fileRef = B699B8511CFF146E00AFB98E /* HY-QiHei50.ttf */; };
		B699B8681CFF2C8000AFB98E /* WTMineViewController.storyboard in Resources */ = {isa = PBXBuildFile; fileRef = B699B85B1CFF2C8000AFB98E /* WTMineViewController.storyboard */; };
		B699B8691CFF2C8000AFB98E /* WTMineViewController.swift in Sources */ = {isa = PBXBuildFile; fileRef = B699B85C1CFF2C8000AFB98E /* WTMineViewController.swift */; };
		B699B86A1CFF2C8000AFB98E /* WTMineItem.swift in Sources */ = {isa = PBXBuildFile; fileRef = B699B85E1CFF2C8000AFB98E /* WTMineItem.swift */; };
		B699B86B1CFF2C8000AFB98E /* WTMineCell.swift in Sources */ = {isa = PBXBuildFile; fileRef = B699B8601CFF2C8000AFB98E /* WTMineCell.swift */; };
		B699B86C1CFF2C8000AFB98E /* WTMineHeaderView.swift in Sources */ = {isa = PBXBuildFile; fileRef = B699B8611CFF2C8000AFB98E /* WTMineHeaderView.swift */; };
		B699B86D1CFF2C8000AFB98E /* WTMineHeaderView.xib in Resources */ = {isa = PBXBuildFile; fileRef = B699B8621CFF2C8000AFB98E /* WTMineHeaderView.xib */; };
		B699B8701CFF2C9F00AFB98E /* WTRegisterViewController.swift in Sources */ = {isa = PBXBuildFile; fileRef = B699B86E1CFF2C9F00AFB98E /* WTRegisterViewController.swift */; };
		B6A428501CD8DB4A0033E65B /* WTDiscoverViewController.swift in Sources */ = {isa = PBXBuildFile; fileRef = B6A4284F1CD8DB4A0033E65B /* WTDiscoverViewController.swift */; };
		B6A4286F1CD8F28C0033E65B /* WTStartupViewController.swift in Sources */ = {isa = PBXBuildFile; fileRef = B6A4286D1CD8F28C0033E65B /* WTStartupViewController.swift */; };
		B6A428701CD8F28C0033E65B /* WTStartupViewController.xib in Resources */ = {isa = PBXBuildFile; fileRef = B6A4286E1CD8F28C0033E65B /* WTStartupViewController.xib */; };
		B6A530F21D0C499500716FBE /* WTRegisterViewController.storyboard in Resources */ = {isa = PBXBuildFile; fileRef = B6A530F11D0C499500716FBE /* WTRegisterViewController.storyboard */; };
		B6A530F41D0C4E2000716FBE /* register_licence.html in Resources */ = {isa = PBXBuildFile; fileRef = B6A530F31D0C4E2000716FBE /* register_licence.html */; };
		B6A530F71D0C639400716FBE /* WTAgreementViewController.swift in Sources */ = {isa = PBXBuildFile; fileRef = B6A530F51D0C639400716FBE /* WTAgreementViewController.swift */; };
		B6B148D31CF75E880020CB89 /* UIColor-Extension.swift in Sources */ = {isa = PBXBuildFile; fileRef = B6B148D21CF75E880020CB89 /* UIColor-Extension.swift */; };
		B6B148D51CFB26EE0020CB89 /* WTLiveDetailVerticalPlayerViewController.swift in Sources */ = {isa = PBXBuildFile; fileRef = B6B148D41CFB26EE0020CB89 /* WTLiveDetailVerticalPlayerViewController.swift */; };
		B6B148D71CFB32320020CB89 /* WTLiveDetailVerticalPlayerViewController.xib in Resources */ = {isa = PBXBuildFile; fileRef = B6B148D61CFB32320020CB89 /* WTLiveDetailVerticalPlayerViewController.xib */; };
		B6BC5B6A1D28FF5B000E0B46 /* WTUserCenterViewController.swift in Sources */ = {isa = PBXBuildFile; fileRef = B6BC5B691D28FF5B000E0B46 /* WTUserCenterViewController.swift */; };
		B6BC5B6E1D290A52000E0B46 /* WTNotLoginView.swift in Sources */ = {isa = PBXBuildFile; fileRef = B6BC5B6D1D290A52000E0B46 /* WTNotLoginView.swift */; };
		B6BC5B701D290A60000E0B46 /* WTNotLoginView.xib in Resources */ = {isa = PBXBuildFile; fileRef = B6BC5B6F1D290A60000E0B46 /* WTNotLoginView.xib */; };
		B6BC5B731D2913CC000E0B46 /* WTUserCenterCell.swift in Sources */ = {isa = PBXBuildFile; fileRef = B6BC5B711D2913CC000E0B46 /* WTUserCenterCell.swift */; };
		B6BC5B741D2913CC000E0B46 /* WTUserCenterCell.xib in Resources */ = {isa = PBXBuildFile; fileRef = B6BC5B721D2913CC000E0B46 /* WTUserCenterCell.xib */; };
		B6BC5B761D29150D000E0B46 /* WTUserCenterItem.swift in Sources */ = {isa = PBXBuildFile; fileRef = B6BC5B751D29150D000E0B46 /* WTUserCenterItem.swift */; };
		B6BC5B781D2A2464000E0B46 /* WTUserCenterButton.swift in Sources */ = {isa = PBXBuildFile; fileRef = B6BC5B771D2A2464000E0B46 /* WTUserCenterButton.swift */; };
		B6BC5B7A1D2A5728000E0B46 /* WTBaseTableView.swift in Sources */ = {isa = PBXBuildFile; fileRef = B6BC5B791D2A5728000E0B46 /* WTBaseTableView.swift */; };
		B6D0C86F1D2A7AE2005AAFC4 /* WTCategoryViewController.swift in Sources */ = {isa = PBXBuildFile; fileRef = B6D0C86E1D2A7AE2005AAFC4 /* WTCategoryViewController.swift */; };
		B6D0C8711D2A7BD6005AAFC4 /* WTCategoryViewController.storyboard in Resources */ = {isa = PBXBuildFile; fileRef = B6D0C8701D2A7BD6005AAFC4 /* WTCategoryViewController.storyboard */; };
		B6D0C8751D2A7E30005AAFC4 /* WTCategoryCell.swift in Sources */ = {isa = PBXBuildFile; fileRef = B6D0C8741D2A7E30005AAFC4 /* WTCategoryCell.swift */; };
		B6D0C8771D2B533E005AAFC4 /* WTTabBar.swift in Sources */ = {isa = PBXBuildFile; fileRef = B6D0C8761D2B533E005AAFC4 /* WTTabBar.swift */; };
		B6D0C87F1D2B5997005AAFC4 /* WTTabBarButton.swift in Sources */ = {isa = PBXBuildFile; fileRef = B6D0C87E1D2B5997005AAFC4 /* WTTabBarButton.swift */; };
		B6D0C8811D2B990F005AAFC4 /* WTBaseViewController.swift in Sources */ = {isa = PBXBuildFile; fileRef = B6D0C8801D2B990F005AAFC4 /* WTBaseViewController.swift */; };
		B6D0C8831D2BAF6D005AAFC4 /* WTSearchHeaderCollectionView.swift in Sources */ = {isa = PBXBuildFile; fileRef = B6D0C8821D2BAF6D005AAFC4 /* WTSearchHeaderCollectionView.swift */; };
		B6D0C8851D2D07CE005AAFC4 /* WTDiscoverCell.swift in Sources */ = {isa = PBXBuildFile; fileRef = B6D0C8841D2D07CE005AAFC4 /* WTDiscoverCell.swift */; };
		B6D0C88B1D2E2961005AAFC4 /* UIFont-Extension.swift in Sources */ = {isa = PBXBuildFile; fileRef = B6D0C88A1D2E2961005AAFC4 /* UIFont-Extension.swift */; };
		B6D0C88D1D2E4AD0005AAFC4 /* WTSeeMoreView.swift in Sources */ = {isa = PBXBuildFile; fileRef = B6D0C88C1D2E4AD0005AAFC4 /* WTSeeMoreView.swift */; };
		B6D0C88F1D2E4ADA005AAFC4 /* WTSeeMoreView.xib in Resources */ = {isa = PBXBuildFile; fileRef = B6D0C88E1D2E4ADA005AAFC4 /* WTSeeMoreView.xib */; };
		B6D0C8921D2E8975005AAFC4 /* UIImage+Tint.m in Sources */ = {isa = PBXBuildFile; fileRef = B6D0C8911D2E8975005AAFC4 /* UIImage+Tint.m */; };
		B6D0C8951D2E8E06005AAFC4 /* WTSearchHeaderCell.swift in Sources */ = {isa = PBXBuildFile; fileRef = B6D0C8931D2E8E06005AAFC4 /* WTSearchHeaderCell.swift */; };
		B6D0C8961D2E8E06005AAFC4 /* WTSearchHeaderCell.xib in Resources */ = {isa = PBXBuildFile; fileRef = B6D0C8941D2E8E06005AAFC4 /* WTSearchHeaderCell.xib */; };
		B6D0C8991D3378AF005AAFC4 /* RSAEncryptor.m in Sources */ = {isa = PBXBuildFile; fileRef = B6D0C8981D3378AF005AAFC4 /* RSAEncryptor.m */; };
		B6D0C8A51D338EA2005AAFC4 /* WTLoginViewController.swift in Sources */ = {isa = PBXBuildFile; fileRef = B6D0C8A11D338EA2005AAFC4 /* WTLoginViewController.swift */; };
		B6D0C8A61D338EA2005AAFC4 /* WTLoginViewController.xib in Resources */ = {isa = PBXBuildFile; fileRef = B6D0C8A21D338EA2005AAFC4 /* WTLoginViewController.xib */; };
		B6D0C8A81D338EB5005AAFC4 /* WTLoginKeyItem.swift in Sources */ = {isa = PBXBuildFile; fileRef = B6D0C8A71D338EB5005AAFC4 /* WTLoginKeyItem.swift */; };
		B6D0C8AF1D360A3B005AAFC4 /* NSString+URLEncode.m in Sources */ = {isa = PBXBuildFile; fileRef = B6D0C8AE1D360A3B005AAFC4 /* NSString+URLEncode.m */; };
		B6D4F17B1CD8CAFD009B39E0 /* AppDelegate.swift in Sources */ = {isa = PBXBuildFile; fileRef = B6D4F17A1CD8CAFD009B39E0 /* AppDelegate.swift */; };
		B6D4F1821CD8CAFD009B39E0 /* Assets.xcassets in Resources */ = {isa = PBXBuildFile; fileRef = B6D4F1811CD8CAFD009B39E0 /* Assets.xcassets */; };
		B6D4F1851CD8CAFD009B39E0 /* LaunchScreen.storyboard in Resources */ = {isa = PBXBuildFile; fileRef = B6D4F1831CD8CAFD009B39E0 /* LaunchScreen.storyboard */; };
		B6D4F1A71CD8CDFD009B39E0 /* config in Resources */ = {isa = PBXBuildFile; fileRef = B6D4F1A61CD8CDFD009B39E0 /* config */; };
		B6D4F1C31CD8D1DA009B39E0 /* WTTabBarController.swift in Sources */ = {isa = PBXBuildFile; fileRef = B6D4F1C21CD8D1DA009B39E0 /* WTTabBarController.swift */; };
		B6D4F1C71CD8D29B009B39E0 /* WTNavigationController.swift in Sources */ = {isa = PBXBuildFile; fileRef = B6D4F1C61CD8D29B009B39E0 /* WTNavigationController.swift */; };
		B6D706151D0EEF6800B65C95 /* WTWebViewController.swift in Sources */ = {isa = PBXBuildFile; fileRef = B6D706131D0EEF6800B65C95 /* WTWebViewController.swift */; };
		B6D706161D0EEF6800B65C95 /* WTWebViewController.xib in Resources */ = {isa = PBXBuildFile; fileRef = B6D706141D0EEF6800B65C95 /* WTWebViewController.xib */; };
		B6DA39F31CE4EDA1006384A1 /* WTPlayerViewController.m in Sources */ = {isa = PBXBuildFile; fileRef = B6DA39F11CE4EDA1006384A1 /* WTPlayerViewController.m */; };
		B6DA39F41CE4EDA1006384A1 /* WTPlayerViewController.storyboard in Resources */ = {isa = PBXBuildFile; fileRef = B6DA39F21CE4EDA1006384A1 /* WTPlayerViewController.storyboard */; };
		B6DA3A231CE4EDF0006384A1 /* WTLiveDetailViewController.storyboard in Resources */ = {isa = PBXBuildFile; fileRef = B6DA3A0A1CE4EDF0006384A1 /* WTLiveDetailViewController.storyboard */; };
		B6DA3A241CE4EDF0006384A1 /* WTLiveDetailViewController.swift in Sources */ = {isa = PBXBuildFile; fileRef = B6DA3A0B1CE4EDF0006384A1 /* WTLiveDetailViewController.swift */; };
		B6DA3A251CE4EDF0006384A1 /* WTLiveViewController.swift in Sources */ = {isa = PBXBuildFile; fileRef = B6DA3A0C1CE4EDF0006384A1 /* WTLiveViewController.swift */; };
		B6DA3A271CE4EDF0006384A1 /* WTEntranceIconsItem.swift in Sources */ = {isa = PBXBuildFile; fileRef = B6DA3A0F1CE4EDF0006384A1 /* WTEntranceIconsItem.swift */; };
		B6DA3A281CE4EDF0006384A1 /* WTIconItem.swift in Sources */ = {isa = PBXBuildFile; fileRef = B6DA3A101CE4EDF0006384A1 /* WTIconItem.swift */; };
		B6DA3A291CE4EDF0006384A1 /* WTLiveDetailItem.swift in Sources */ = {isa = PBXBuildFile; fileRef = B6DA3A111CE4EDF0006384A1 /* WTLiveDetailItem.swift */; };
		B6DA3A2A1CE4EDF0006384A1 /* WTLiveDetailMetaItem.swift in Sources */ = {isa = PBXBuildFile; fileRef = B6DA3A121CE4EDF0006384A1 /* WTLiveDetailMetaItem.swift */; };
		B6DA3A2B1CE4EDF0006384A1 /* WTLiveDetailScheduleItem.swift in Sources */ = {isa = PBXBuildFile; fileRef = B6DA3A131CE4EDF0006384A1 /* WTLiveDetailScheduleItem.swift */; };
		B6DA3A2C1CE4EDF0006384A1 /* WTLiveItem.swift in Sources */ = {isa = PBXBuildFile; fileRef = B6DA3A141CE4EDF0006384A1 /* WTLiveItem.swift */; };
		B6DA3A2D1CE4EDF0006384A1 /* WTOwnerItem.swift in Sources */ = {isa = PBXBuildFile; fileRef = B6DA3A151CE4EDF0006384A1 /* WTOwnerItem.swift */; };
		B6DA3A2E1CE4EDF0006384A1 /* WTPartitionItem.swift in Sources */ = {isa = PBXBuildFile; fileRef = B6DA3A161CE4EDF0006384A1 /* WTPartitionItem.swift */; };
		B6DA3A2F1CE4EDF0006384A1 /* WTPartitionsItem.swift in Sources */ = {isa = PBXBuildFile; fileRef = B6DA3A171CE4EDF0006384A1 /* WTPartitionsItem.swift */; };
		B6DA3A301CE4EDF0006384A1 /* WTEntranceCell.swift in Sources */ = {isa = PBXBuildFile; fileRef = B6DA3A191CE4EDF0006384A1 /* WTEntranceCell.swift */; };
		B6DA3A311CE4EDF0006384A1 /* WTEntranceCell.xib in Resources */ = {isa = PBXBuildFile; fileRef = B6DA3A1A1CE4EDF0006384A1 /* WTEntranceCell.xib */; };
		B6DA3A321CE4EDF0006384A1 /* WTEntranceIconButton.swift in Sources */ = {isa = PBXBuildFile; fileRef = B6DA3A1B1CE4EDF0006384A1 /* WTEntranceIconButton.swift */; };
		B6DA3A331CE4EDF0006384A1 /* WTLiveHeaderView.swift in Sources */ = {isa = PBXBuildFile; fileRef = B6DA3A1C1CE4EDF0006384A1 /* WTLiveHeaderView.swift */; };
		B6DA3A341CE4EDF0006384A1 /* WTLiveListCell.swift in Sources */ = {isa = PBXBuildFile; fileRef = B6DA3A1D1CE4EDF0006384A1 /* WTLiveListCell.swift */; };
		B6DA3A351CE4EDF0006384A1 /* WTLiveListCell.xib in Resources */ = {isa = PBXBuildFile; fileRef = B6DA3A1E1CE4EDF0006384A1 /* WTLiveListCell.xib */; };
		B6DA3A361CE4EDF0006384A1 /* WTLiveListCollectionView.swift in Sources */ = {isa = PBXBuildFile; fileRef = B6DA3A1F1CE4EDF0006384A1 /* WTLiveListCollectionView.swift */; };
		B6DA3A371CE4EDF0006384A1 /* WTLivePartitionCell.swift in Sources */ = {isa = PBXBuildFile; fileRef = B6DA3A201CE4EDF0006384A1 /* WTLivePartitionCell.swift */; };
		B6DA3A381CE4EDF0006384A1 /* WTLivePartitionCell.xib in Resources */ = {isa = PBXBuildFile; fileRef = B6DA3A211CE4EDF0006384A1 /* WTLivePartitionCell.xib */; };
		B6DA3A3C1CE4EE73006384A1 /* WTBilibiliTool.swift in Sources */ = {isa = PBXBuildFile; fileRef = B6DA3A3B1CE4EE73006384A1 /* WTBilibiliTool.swift */; };
		B6DA3A421CE4EE9C006384A1 /* Common.swift in Sources */ = {isa = PBXBuildFile; fileRef = B6DA3A3E1CE4EE9C006384A1 /* Common.swift */; };
		B6DA3A431CE4EE9C006384A1 /* String-Extension.swift in Sources */ = {isa = PBXBuildFile; fileRef = B6DA3A3F1CE4EE9C006384A1 /* String-Extension.swift */; };
		B6DA3A441CE4EE9C006384A1 /* UIImage-Extension.swift in Sources */ = {isa = PBXBuildFile; fileRef = B6DA3A401CE4EE9C006384A1 /* UIImage-Extension.swift */; };
		B6DA3A451CE4EE9C006384A1 /* UIViewController-Extension.swift in Sources */ = {isa = PBXBuildFile; fileRef = B6DA3A411CE4EE9C006384A1 /* UIViewController-Extension.swift */; };
		B6DA3A561CE4EF41006384A1 /* WTRecommendViewController.swift in Sources */ = {isa = PBXBuildFile; fileRef = B6DA3A491CE4EF41006384A1 /* WTRecommendViewController.swift */; };
		B6DA3A571CE4EF41006384A1 /* WTBannerItem.swift in Sources */ = {isa = PBXBuildFile; fileRef = B6DA3A4B1CE4EF41006384A1 /* WTBannerItem.swift */; };
		B6DA3A581CE4EF41006384A1 /* WTRecommendItem.swift in Sources */ = {isa = PBXBuildFile; fileRef = B6DA3A4C1CE4EF41006384A1 /* WTRecommendItem.swift */; };
		B6DA3A591CE4EF41006384A1 /* WTVideoItem.swift in Sources */ = {isa = PBXBuildFile; fileRef = B6DA3A4D1CE4EF41006384A1 /* WTVideoItem.swift */; };
		B6DA3A5A1CE4EF41006384A1 /* WTBannerHeaderView.swift in Sources */ = {isa = PBXBuildFile; fileRef = B6DA3A4F1CE4EF41006384A1 /* WTBannerHeaderView.swift */; };
		B6DA3A5B1CE4EF41006384A1 /* WTRecommendCell.swift in Sources */ = {isa = PBXBuildFile; fileRef = B6DA3A501CE4EF41006384A1 /* WTRecommendCell.swift */; };
		B6DA3A5C1CE4EF41006384A1 /* WTRecommendCell.xib in Resources */ = {isa = PBXBuildFile; fileRef = B6DA3A511CE4EF41006384A1 /* WTRecommendCell.xib */; };
		B6DA3A5D1CE4EF41006384A1 /* WTVideoListCell.swift in Sources */ = {isa = PBXBuildFile; fileRef = B6DA3A521CE4EF41006384A1 /* WTVideoListCell.swift */; };
		B6DA3A5E1CE4EF41006384A1 /* WTVideoListCell.xib in Resources */ = {isa = PBXBuildFile; fileRef = B6DA3A531CE4EF41006384A1 /* WTVideoListCell.xib */; };
		B6DA3A5F1CE4EF41006384A1 /* WTVideoListCollectionView.swift in Sources */ = {isa = PBXBuildFile; fileRef = B6DA3A541CE4EF41006384A1 /* WTVideoListCollectionView.swift */; };
		B6DA3A631CE4EF9E006384A1 /* libz.tbd in Frameworks */ = {isa = PBXBuildFile; fileRef = B6DA3A621CE4EF9E006384A1 /* libz.tbd */; };
		FAEA143DCEDDF596A524371E /* Pods_WTBilibili.framework in Frameworks */ = {isa = PBXBuildFile; fileRef = BFAF31359A5A3FB5C3F329AA /* Pods_WTBilibili.framework */; };
/* End PBXBuildFile section */

/* Begin PBXFileReference section */
		30496F6E1CD9896300C8B5E6 /* WTHomeViewController.swift */ = {isa = PBXFileReference; fileEncoding = 4; lastKnownFileType = sourcecode.swift; path = WTHomeViewController.swift; sourceTree = "<group>"; };
		30496F6F1CD9896300C8B5E6 /* WTHomeViewController.xib */ = {isa = PBXFileReference; fileEncoding = 4; lastKnownFileType = file.xib; path = WTHomeViewController.xib; sourceTree = "<group>"; };
		30496F811CD9896300C8B5E6 /* WTSomeDramaViewController.swift */ = {isa = PBXFileReference; fileEncoding = 4; lastKnownFileType = sourcecode.swift; path = WTSomeDramaViewController.swift; sourceTree = "<group>"; };
		30496F961CD9CDFE00C8B5E6 /* NetworkTools.swift */ = {isa = PBXFileReference; fileEncoding = 4; lastKnownFileType = sourcecode.swift; path = NetworkTools.swift; sourceTree = "<group>"; };
		6698BF783E60EC7413211644 /* Pods-WTBilibili.release.xcconfig */ = {isa = PBXFileReference; includeInIndex = 1; lastKnownFileType = text.xcconfig; name = "Pods-WTBilibili.release.xcconfig"; path = "Pods/Target Support Files/Pods-WTBilibili/Pods-WTBilibili.release.xcconfig"; sourceTree = "<group>"; };
		B6271D651D5D752D00A66983 /* IJKMediaFramework.framework */ = {isa = PBXFileReference; lastKnownFileType = wrapper.framework; path = IJKMediaFramework.framework; sourceTree = "<group>"; };
		B66E25EE1CF74BCE00A15BDF /* WTLiveDetailUserInfoView.swift */ = {isa = PBXFileReference; fileEncoding = 4; lastKnownFileType = sourcecode.swift; path = WTLiveDetailUserInfoView.swift; sourceTree = "<group>"; };
		B66E25F21CF74C4500A15BDF /* WTLiveDetailUserInfoView.xib */ = {isa = PBXFileReference; fileEncoding = 4; lastKnownFileType = file.xib; path = WTLiveDetailUserInfoView.xib; sourceTree = "<group>"; };
		B67FF7AD1D0D7E3200BF5C84 /* WTRegisterVerifyPhoneViewController.swift */ = {isa = PBXFileReference; fileEncoding = 4; lastKnownFileType = sourcecode.swift; path = WTRegisterVerifyPhoneViewController.swift; sourceTree = "<group>"; };
		B67FF7AE1D0D7E3200BF5C84 /* WTRegisterVerifyPhoneViewController.xib */ = {isa = PBXFileReference; fileEncoding = 4; lastKnownFileType = file.xib; path = WTRegisterVerifyPhoneViewController.xib; sourceTree = "<group>"; };
		B67FF7B11D0D843A00BF5C84 /* UIBarButtonItem-Extension.swift */ = {isa = PBXFileReference; fileEncoding = 4; lastKnownFileType = sourcecode.swift; path = "UIBarButtonItem-Extension.swift"; sourceTree = "<group>"; };
		B67FF7B71D0DA2EC00BF5C84 /* WTGameCenterCell.swift */ = {isa = PBXFileReference; fileEncoding = 4; lastKnownFileType = sourcecode.swift; path = WTGameCenterCell.swift; sourceTree = "<group>"; };
		B67FF7B81D0DA2EC00BF5C84 /* WTGameCenterCell.xib */ = {isa = PBXFileReference; fileEncoding = 4; lastKnownFileType = file.xib; path = WTGameCenterCell.xib; sourceTree = "<group>"; };
		B67FF7BB1D0DA3A400BF5C84 /* WTGameCenterItem.swift */ = {isa = PBXFileReference; fileEncoding = 4; lastKnownFileType = sourcecode.swift; path = WTGameCenterItem.swift; sourceTree = "<group>"; };
		B67FF7BD1D0DA3FB00BF5C84 /* WTGameCenterController.swift */ = {isa = PBXFileReference; fileEncoding = 4; lastKnownFileType = sourcecode.swift; path = WTGameCenterController.swift; sourceTree = "<group>"; };
		B68023731D12402300F17504 /* WTBiliControllerContainerView.swift */ = {isa = PBXFileReference; fileEncoding = 4; lastKnownFileType = sourcecode.swift; path = WTBiliControllerContainerView.swift; sourceTree = "<group>"; };
		B68023751D12410F00F17504 /* WTLiveDanmakuViewController.swift */ = {isa = PBXFileReference; fileEncoding = 4; lastKnownFileType = sourcecode.swift; path = WTLiveDanmakuViewController.swift; sourceTree = "<group>"; };
		B680237B1D124D8D00F17504 /* XMGTopWindow.h */ = {isa = PBXFileReference; fileEncoding = 4; lastKnownFileType = sourcecode.c.h; path = XMGTopWindow.h; sourceTree = "<group>"; };
		B680237C1D124D8D00F17504 /* XMGTopWindow.m */ = {isa = PBXFileReference; fileEncoding = 4; lastKnownFileType = sourcecode.c.objc; path = XMGTopWindow.m; sourceTree = "<group>"; };
		B680237D1D124D8D00F17504 /* XMGTopWindowViewController.h */ = {isa = PBXFileReference; fileEncoding = 4; lastKnownFileType = sourcecode.c.h; path = XMGTopWindowViewController.h; sourceTree = "<group>"; };
		B680237E1D124D8D00F17504 /* XMGTopWindowViewController.m */ = {isa = PBXFileReference; fileEncoding = 4; lastKnownFileType = sourcecode.c.objc; path = XMGTopWindowViewController.m; sourceTree = "<group>"; };
		B68023811D12BB6F00F17504 /* WTPlayerControlPanelV2.swift */ = {isa = PBXFileReference; fileEncoding = 4; lastKnownFileType = sourcecode.swift; path = WTPlayerControlPanelV2.swift; sourceTree = "<group>"; };
		B68023831D12BBE800F17504 /* WTPlayerControlPanelV2.xib */ = {isa = PBXFileReference; fileEncoding = 4; lastKnownFileType = file.xib; path = WTPlayerControlPanelV2.xib; sourceTree = "<group>"; };
		B699B8511CFF146E00AFB98E /* HY-QiHei50.ttf */ = {isa = PBXFileReference; lastKnownFileType = file; path = "HY-QiHei50.ttf"; sourceTree = "<group>"; };
		B699B8521CFF14B300AFB98E /* WTLabel.swift */ = {isa = PBXFileReference; fileEncoding = 4; lastKnownFileType = sourcecode.swift; path = WTLabel.swift; sourceTree = "<group>"; };
		B699B85B1CFF2C8000AFB98E /* WTMineViewController.storyboard */ = {isa = PBXFileReference; fileEncoding = 4; lastKnownFileType = file.storyboard; path = WTMineViewController.storyboard; sourceTree = "<group>"; };
		B699B85C1CFF2C8000AFB98E /* WTMineViewController.swift */ = {isa = PBXFileReference; fileEncoding = 4; lastKnownFileType = sourcecode.swift; path = WTMineViewController.swift; sourceTree = "<group>"; };
		B699B85E1CFF2C8000AFB98E /* WTMineItem.swift */ = {isa = PBXFileReference; fileEncoding = 4; lastKnownFileType = sourcecode.swift; path = WTMineItem.swift; sourceTree = "<group>"; };
		B699B8601CFF2C8000AFB98E /* WTMineCell.swift */ = {isa = PBXFileReference; fileEncoding = 4; lastKnownFileType = sourcecode.swift; path = WTMineCell.swift; sourceTree = "<group>"; };
		B699B8611CFF2C8000AFB98E /* WTMineHeaderView.swift */ = {isa = PBXFileReference; fileEncoding = 4; lastKnownFileType = sourcecode.swift; path = WTMineHeaderView.swift; sourceTree = "<group>"; };
		B699B8621CFF2C8000AFB98E /* WTMineHeaderView.xib */ = {isa = PBXFileReference; fileEncoding = 4; lastKnownFileType = file.xib; path = WTMineHeaderView.xib; sourceTree = "<group>"; };
		B699B86E1CFF2C9F00AFB98E /* WTRegisterViewController.swift */ = {isa = PBXFileReference; fileEncoding = 4; lastKnownFileType = sourcecode.swift; path = WTRegisterViewController.swift; sourceTree = "<group>"; };
		B6A4284F1CD8DB4A0033E65B /* WTDiscoverViewController.swift */ = {isa = PBXFileReference; fileEncoding = 4; lastKnownFileType = sourcecode.swift; path = WTDiscoverViewController.swift; sourceTree = "<group>"; };
		B6A4286D1CD8F28C0033E65B /* WTStartupViewController.swift */ = {isa = PBXFileReference; fileEncoding = 4; lastKnownFileType = sourcecode.swift; path = WTStartupViewController.swift; sourceTree = "<group>"; };
		B6A4286E1CD8F28C0033E65B /* WTStartupViewController.xib */ = {isa = PBXFileReference; fileEncoding = 4; lastKnownFileType = file.xib; path = WTStartupViewController.xib; sourceTree = "<group>"; };
		B6A530F11D0C499500716FBE /* WTRegisterViewController.storyboard */ = {isa = PBXFileReference; fileEncoding = 4; lastKnownFileType = file.storyboard; path = WTRegisterViewController.storyboard; sourceTree = "<group>"; };
		B6A530F31D0C4E2000716FBE /* register_licence.html */ = {isa = PBXFileReference; fileEncoding = 4; lastKnownFileType = text.html; path = register_licence.html; sourceTree = "<group>"; };
		B6A530F51D0C639400716FBE /* WTAgreementViewController.swift */ = {isa = PBXFileReference; fileEncoding = 4; lastKnownFileType = sourcecode.swift; path = WTAgreementViewController.swift; sourceTree = "<group>"; };
		B6B148D21CF75E880020CB89 /* UIColor-Extension.swift */ = {isa = PBXFileReference; fileEncoding = 4; lastKnownFileType = sourcecode.swift; path = "UIColor-Extension.swift"; sourceTree = "<group>"; };
		B6B148D41CFB26EE0020CB89 /* WTLiveDetailVerticalPlayerViewController.swift */ = {isa = PBXFileReference; fileEncoding = 4; lastKnownFileType = sourcecode.swift; path = WTLiveDetailVerticalPlayerViewController.swift; sourceTree = "<group>"; };
		B6B148D61CFB32320020CB89 /* WTLiveDetailVerticalPlayerViewController.xib */ = {isa = PBXFileReference; fileEncoding = 4; lastKnownFileType = file.xib; path = WTLiveDetailVerticalPlayerViewController.xib; sourceTree = "<group>"; };
		B6BC5B691D28FF5B000E0B46 /* WTUserCenterViewController.swift */ = {isa = PBXFileReference; fileEncoding = 4; lastKnownFileType = sourcecode.swift; path = WTUserCenterViewController.swift; sourceTree = "<group>"; };
		B6BC5B6D1D290A52000E0B46 /* WTNotLoginView.swift */ = {isa = PBXFileReference; fileEncoding = 4; lastKnownFileType = sourcecode.swift; path = WTNotLoginView.swift; sourceTree = "<group>"; };
		B6BC5B6F1D290A60000E0B46 /* WTNotLoginView.xib */ = {isa = PBXFileReference; fileEncoding = 4; lastKnownFileType = file.xib; path = WTNotLoginView.xib; sourceTree = "<group>"; };
		B6BC5B711D2913CC000E0B46 /* WTUserCenterCell.swift */ = {isa = PBXFileReference; fileEncoding = 4; lastKnownFileType = sourcecode.swift; path = WTUserCenterCell.swift; sourceTree = "<group>"; };
		B6BC5B721D2913CC000E0B46 /* WTUserCenterCell.xib */ = {isa = PBXFileReference; fileEncoding = 4; lastKnownFileType = file.xib; path = WTUserCenterCell.xib; sourceTree = "<group>"; };
		B6BC5B751D29150D000E0B46 /* WTUserCenterItem.swift */ = {isa = PBXFileReference; fileEncoding = 4; lastKnownFileType = sourcecode.swift; path = WTUserCenterItem.swift; sourceTree = "<group>"; };
		B6BC5B771D2A2464000E0B46 /* WTUserCenterButton.swift */ = {isa = PBXFileReference; fileEncoding = 4; lastKnownFileType = sourcecode.swift; path = WTUserCenterButton.swift; sourceTree = "<group>"; };
		B6BC5B791D2A5728000E0B46 /* WTBaseTableView.swift */ = {isa = PBXFileReference; fileEncoding = 4; lastKnownFileType = sourcecode.swift; path = WTBaseTableView.swift; sourceTree = "<group>"; };
		B6D0C86E1D2A7AE2005AAFC4 /* WTCategoryViewController.swift */ = {isa = PBXFileReference; fileEncoding = 4; lastKnownFileType = sourcecode.swift; path = WTCategoryViewController.swift; sourceTree = "<group>"; };
		B6D0C8701D2A7BD6005AAFC4 /* WTCategoryViewController.storyboard */ = {isa = PBXFileReference; fileEncoding = 4; lastKnownFileType = file.storyboard; path = WTCategoryViewController.storyboard; sourceTree = "<group>"; };
		B6D0C8741D2A7E30005AAFC4 /* WTCategoryCell.swift */ = {isa = PBXFileReference; fileEncoding = 4; lastKnownFileType = sourcecode.swift; path = WTCategoryCell.swift; sourceTree = "<group>"; };
		B6D0C8761D2B533E005AAFC4 /* WTTabBar.swift */ = {isa = PBXFileReference; fileEncoding = 4; lastKnownFileType = sourcecode.swift; path = WTTabBar.swift; sourceTree = "<group>"; };
		B6D0C87E1D2B5997005AAFC4 /* WTTabBarButton.swift */ = {isa = PBXFileReference; fileEncoding = 4; lastKnownFileType = sourcecode.swift; path = WTTabBarButton.swift; sourceTree = "<group>"; };
		B6D0C8801D2B990F005AAFC4 /* WTBaseViewController.swift */ = {isa = PBXFileReference; fileEncoding = 4; lastKnownFileType = sourcecode.swift; path = WTBaseViewController.swift; sourceTree = "<group>"; };
		B6D0C8821D2BAF6D005AAFC4 /* WTSearchHeaderCollectionView.swift */ = {isa = PBXFileReference; fileEncoding = 4; lastKnownFileType = sourcecode.swift; path = WTSearchHeaderCollectionView.swift; sourceTree = "<group>"; };
		B6D0C8841D2D07CE005AAFC4 /* WTDiscoverCell.swift */ = {isa = PBXFileReference; fileEncoding = 4; lastKnownFileType = sourcecode.swift; path = WTDiscoverCell.swift; sourceTree = "<group>"; };
		B6D0C88A1D2E2961005AAFC4 /* UIFont-Extension.swift */ = {isa = PBXFileReference; fileEncoding = 4; lastKnownFileType = sourcecode.swift; path = "UIFont-Extension.swift"; sourceTree = "<group>"; };
		B6D0C88C1D2E4AD0005AAFC4 /* WTSeeMoreView.swift */ = {isa = PBXFileReference; fileEncoding = 4; lastKnownFileType = sourcecode.swift; path = WTSeeMoreView.swift; sourceTree = "<group>"; };
		B6D0C88E1D2E4ADA005AAFC4 /* WTSeeMoreView.xib */ = {isa = PBXFileReference; fileEncoding = 4; lastKnownFileType = file.xib; path = WTSeeMoreView.xib; sourceTree = "<group>"; };
		B6D0C8901D2E8975005AAFC4 /* UIImage+Tint.h */ = {isa = PBXFileReference; fileEncoding = 4; lastKnownFileType = sourcecode.c.h; path = "UIImage+Tint.h"; sourceTree = "<group>"; };
		B6D0C8911D2E8975005AAFC4 /* UIImage+Tint.m */ = {isa = PBXFileReference; fileEncoding = 4; lastKnownFileType = sourcecode.c.objc; path = "UIImage+Tint.m"; sourceTree = "<group>"; };
		B6D0C8931D2E8E06005AAFC4 /* WTSearchHeaderCell.swift */ = {isa = PBXFileReference; fileEncoding = 4; lastKnownFileType = sourcecode.swift; path = WTSearchHeaderCell.swift; sourceTree = "<group>"; };
		B6D0C8941D2E8E06005AAFC4 /* WTSearchHeaderCell.xib */ = {isa = PBXFileReference; fileEncoding = 4; lastKnownFileType = file.xib; path = WTSearchHeaderCell.xib; sourceTree = "<group>"; };
		B6D0C8971D3378AF005AAFC4 /* RSAEncryptor.h */ = {isa = PBXFileReference; fileEncoding = 4; lastKnownFileType = sourcecode.c.h; path = RSAEncryptor.h; sourceTree = "<group>"; };
		B6D0C8981D3378AF005AAFC4 /* RSAEncryptor.m */ = {isa = PBXFileReference; fileEncoding = 4; lastKnownFileType = sourcecode.c.objc; path = RSAEncryptor.m; sourceTree = "<group>"; };
		B6D0C8A11D338EA2005AAFC4 /* WTLoginViewController.swift */ = {isa = PBXFileReference; fileEncoding = 4; lastKnownFileType = sourcecode.swift; path = WTLoginViewController.swift; sourceTree = "<group>"; };
		B6D0C8A21D338EA2005AAFC4 /* WTLoginViewController.xib */ = {isa = PBXFileReference; fileEncoding = 4; lastKnownFileType = file.xib; path = WTLoginViewController.xib; sourceTree = "<group>"; };
		B6D0C8A71D338EB5005AAFC4 /* WTLoginKeyItem.swift */ = {isa = PBXFileReference; fileEncoding = 4; lastKnownFileType = sourcecode.swift; path = WTLoginKeyItem.swift; sourceTree = "<group>"; };
		B6D0C8AD1D360A3B005AAFC4 /* NSString+URLEncode.h */ = {isa = PBXFileReference; fileEncoding = 4; lastKnownFileType = sourcecode.c.h; path = "NSString+URLEncode.h"; sourceTree = "<group>"; };
		B6D0C8AE1D360A3B005AAFC4 /* NSString+URLEncode.m */ = {isa = PBXFileReference; fileEncoding = 4; lastKnownFileType = sourcecode.c.objc; path = "NSString+URLEncode.m"; sourceTree = "<group>"; };
		B6D4F1771CD8CAFD009B39E0 /* WTBilibili.app */ = {isa = PBXFileReference; explicitFileType = wrapper.application; includeInIndex = 0; path = WTBilibili.app; sourceTree = BUILT_PRODUCTS_DIR; };
		B6D4F17A1CD8CAFD009B39E0 /* AppDelegate.swift */ = {isa = PBXFileReference; lastKnownFileType = sourcecode.swift; path = AppDelegate.swift; sourceTree = "<group>"; };
		B6D4F1811CD8CAFD009B39E0 /* Assets.xcassets */ = {isa = PBXFileReference; lastKnownFileType = folder.assetcatalog; path = Assets.xcassets; sourceTree = "<group>"; };
		B6D4F1841CD8CAFD009B39E0 /* Base */ = {isa = PBXFileReference; lastKnownFileType = file.storyboard; name = Base; path = Base.lproj/LaunchScreen.storyboard; sourceTree = "<group>"; };
		B6D4F1861CD8CAFD009B39E0 /* Info.plist */ = {isa = PBXFileReference; lastKnownFileType = text.plist.xml; path = Info.plist; sourceTree = "<group>"; };
		B6D4F1A61CD8CDFD009B39E0 /* config */ = {isa = PBXFileReference; fileEncoding = 4; lastKnownFileType = text; path = config; sourceTree = "<group>"; };
		B6D4F1C21CD8D1DA009B39E0 /* WTTabBarController.swift */ = {isa = PBXFileReference; fileEncoding = 4; lastKnownFileType = sourcecode.swift; path = WTTabBarController.swift; sourceTree = "<group>"; };
		B6D4F1C61CD8D29B009B39E0 /* WTNavigationController.swift */ = {isa = PBXFileReference; fileEncoding = 4; lastKnownFileType = sourcecode.swift; path = WTNavigationController.swift; sourceTree = "<group>"; };
		B6D706131D0EEF6800B65C95 /* WTWebViewController.swift */ = {isa = PBXFileReference; fileEncoding = 4; lastKnownFileType = sourcecode.swift; path = WTWebViewController.swift; sourceTree = "<group>"; };
		B6D706141D0EEF6800B65C95 /* WTWebViewController.xib */ = {isa = PBXFileReference; fileEncoding = 4; lastKnownFileType = file.xib; path = WTWebViewController.xib; sourceTree = "<group>"; };
		B6DA39E81CE4EAC4006384A1 /* WTBilibili-Bridging-Header.h */ = {isa = PBXFileReference; lastKnownFileType = sourcecode.c.h; path = "WTBilibili-Bridging-Header.h"; sourceTree = "<group>"; };
		B6DA39F01CE4EDA1006384A1 /* WTPlayerViewController.h */ = {isa = PBXFileReference; fileEncoding = 4; lastKnownFileType = sourcecode.c.h; path = WTPlayerViewController.h; sourceTree = "<group>"; };
		B6DA39F11CE4EDA1006384A1 /* WTPlayerViewController.m */ = {isa = PBXFileReference; fileEncoding = 4; lastKnownFileType = sourcecode.c.objc; path = WTPlayerViewController.m; sourceTree = "<group>"; };
		B6DA39F21CE4EDA1006384A1 /* WTPlayerViewController.storyboard */ = {isa = PBXFileReference; fileEncoding = 4; lastKnownFileType = file.storyboard; path = WTPlayerViewController.storyboard; sourceTree = "<group>"; };
		B6DA3A0A1CE4EDF0006384A1 /* WTLiveDetailViewController.storyboard */ = {isa = PBXFileReference; fileEncoding = 4; lastKnownFileType = file.storyboard; path = WTLiveDetailViewController.storyboard; sourceTree = "<group>"; };
		B6DA3A0B1CE4EDF0006384A1 /* WTLiveDetailViewController.swift */ = {isa = PBXFileReference; fileEncoding = 4; lastKnownFileType = sourcecode.swift; path = WTLiveDetailViewController.swift; sourceTree = "<group>"; };
		B6DA3A0C1CE4EDF0006384A1 /* WTLiveViewController.swift */ = {isa = PBXFileReference; fileEncoding = 4; lastKnownFileType = sourcecode.swift; path = WTLiveViewController.swift; sourceTree = "<group>"; };
		B6DA3A0F1CE4EDF0006384A1 /* WTEntranceIconsItem.swift */ = {isa = PBXFileReference; fileEncoding = 4; lastKnownFileType = sourcecode.swift; path = WTEntranceIconsItem.swift; sourceTree = "<group>"; };
		B6DA3A101CE4EDF0006384A1 /* WTIconItem.swift */ = {isa = PBXFileReference; fileEncoding = 4; lastKnownFileType = sourcecode.swift; path = WTIconItem.swift; sourceTree = "<group>"; };
		B6DA3A111CE4EDF0006384A1 /* WTLiveDetailItem.swift */ = {isa = PBXFileReference; fileEncoding = 4; lastKnownFileType = sourcecode.swift; path = WTLiveDetailItem.swift; sourceTree = "<group>"; };
		B6DA3A121CE4EDF0006384A1 /* WTLiveDetailMetaItem.swift */ = {isa = PBXFileReference; fileEncoding = 4; lastKnownFileType = sourcecode.swift; path = WTLiveDetailMetaItem.swift; sourceTree = "<group>"; };
		B6DA3A131CE4EDF0006384A1 /* WTLiveDetailScheduleItem.swift */ = {isa = PBXFileReference; fileEncoding = 4; lastKnownFileType = sourcecode.swift; path = WTLiveDetailScheduleItem.swift; sourceTree = "<group>"; };
		B6DA3A141CE4EDF0006384A1 /* WTLiveItem.swift */ = {isa = PBXFileReference; fileEncoding = 4; lastKnownFileType = sourcecode.swift; path = WTLiveItem.swift; sourceTree = "<group>"; };
		B6DA3A151CE4EDF0006384A1 /* WTOwnerItem.swift */ = {isa = PBXFileReference; fileEncoding = 4; lastKnownFileType = sourcecode.swift; path = WTOwnerItem.swift; sourceTree = "<group>"; };
		B6DA3A161CE4EDF0006384A1 /* WTPartitionItem.swift */ = {isa = PBXFileReference; fileEncoding = 4; lastKnownFileType = sourcecode.swift; path = WTPartitionItem.swift; sourceTree = "<group>"; };
		B6DA3A171CE4EDF0006384A1 /* WTPartitionsItem.swift */ = {isa = PBXFileReference; fileEncoding = 4; lastKnownFileType = sourcecode.swift; path = WTPartitionsItem.swift; sourceTree = "<group>"; };
		B6DA3A191CE4EDF0006384A1 /* WTEntranceCell.swift */ = {isa = PBXFileReference; fileEncoding = 4; lastKnownFileType = sourcecode.swift; path = WTEntranceCell.swift; sourceTree = "<group>"; };
		B6DA3A1A1CE4EDF0006384A1 /* WTEntranceCell.xib */ = {isa = PBXFileReference; fileEncoding = 4; lastKnownFileType = file.xib; path = WTEntranceCell.xib; sourceTree = "<group>"; };
		B6DA3A1B1CE4EDF0006384A1 /* WTEntranceIconButton.swift */ = {isa = PBXFileReference; fileEncoding = 4; lastKnownFileType = sourcecode.swift; path = WTEntranceIconButton.swift; sourceTree = "<group>"; };
		B6DA3A1C1CE4EDF0006384A1 /* WTLiveHeaderView.swift */ = {isa = PBXFileReference; fileEncoding = 4; lastKnownFileType = sourcecode.swift; path = WTLiveHeaderView.swift; sourceTree = "<group>"; };
		B6DA3A1D1CE4EDF0006384A1 /* WTLiveListCell.swift */ = {isa = PBXFileReference; fileEncoding = 4; lastKnownFileType = sourcecode.swift; path = WTLiveListCell.swift; sourceTree = "<group>"; };
		B6DA3A1E1CE4EDF0006384A1 /* WTLiveListCell.xib */ = {isa = PBXFileReference; fileEncoding = 4; lastKnownFileType = file.xib; path = WTLiveListCell.xib; sourceTree = "<group>"; };
		B6DA3A1F1CE4EDF0006384A1 /* WTLiveListCollectionView.swift */ = {isa = PBXFileReference; fileEncoding = 4; lastKnownFileType = sourcecode.swift; path = WTLiveListCollectionView.swift; sourceTree = "<group>"; };
		B6DA3A201CE4EDF0006384A1 /* WTLivePartitionCell.swift */ = {isa = PBXFileReference; fileEncoding = 4; lastKnownFileType = sourcecode.swift; path = WTLivePartitionCell.swift; sourceTree = "<group>"; };
		B6DA3A211CE4EDF0006384A1 /* WTLivePartitionCell.xib */ = {isa = PBXFileReference; fileEncoding = 4; lastKnownFileType = file.xib; path = WTLivePartitionCell.xib; sourceTree = "<group>"; };
		B6DA3A3B1CE4EE73006384A1 /* WTBilibiliTool.swift */ = {isa = PBXFileReference; fileEncoding = 4; lastKnownFileType = sourcecode.swift; path = WTBilibiliTool.swift; sourceTree = "<group>"; };
		B6DA3A3E1CE4EE9C006384A1 /* Common.swift */ = {isa = PBXFileReference; fileEncoding = 4; lastKnownFileType = sourcecode.swift; path = Common.swift; sourceTree = "<group>"; };
		B6DA3A3F1CE4EE9C006384A1 /* String-Extension.swift */ = {isa = PBXFileReference; fileEncoding = 4; lastKnownFileType = sourcecode.swift; path = "String-Extension.swift"; sourceTree = "<group>"; };
		B6DA3A401CE4EE9C006384A1 /* UIImage-Extension.swift */ = {isa = PBXFileReference; fileEncoding = 4; lastKnownFileType = sourcecode.swift; path = "UIImage-Extension.swift"; sourceTree = "<group>"; };
		B6DA3A411CE4EE9C006384A1 /* UIViewController-Extension.swift */ = {isa = PBXFileReference; fileEncoding = 4; lastKnownFileType = sourcecode.swift; path = "UIViewController-Extension.swift"; sourceTree = "<group>"; };
		B6DA3A491CE4EF41006384A1 /* WTRecommendViewController.swift */ = {isa = PBXFileReference; fileEncoding = 4; lastKnownFileType = sourcecode.swift; path = WTRecommendViewController.swift; sourceTree = "<group>"; };
		B6DA3A4B1CE4EF41006384A1 /* WTBannerItem.swift */ = {isa = PBXFileReference; fileEncoding = 4; lastKnownFileType = sourcecode.swift; path = WTBannerItem.swift; sourceTree = "<group>"; };
		B6DA3A4C1CE4EF41006384A1 /* WTRecommendItem.swift */ = {isa = PBXFileReference; fileEncoding = 4; lastKnownFileType = sourcecode.swift; path = WTRecommendItem.swift; sourceTree = "<group>"; };
		B6DA3A4D1CE4EF41006384A1 /* WTVideoItem.swift */ = {isa = PBXFileReference; fileEncoding = 4; lastKnownFileType = sourcecode.swift; path = WTVideoItem.swift; sourceTree = "<group>"; };
		B6DA3A4F1CE4EF41006384A1 /* WTBannerHeaderView.swift */ = {isa = PBXFileReference; fileEncoding = 4; lastKnownFileType = sourcecode.swift; path = WTBannerHeaderView.swift; sourceTree = "<group>"; };
		B6DA3A501CE4EF41006384A1 /* WTRecommendCell.swift */ = {isa = PBXFileReference; fileEncoding = 4; lastKnownFileType = sourcecode.swift; path = WTRecommendCell.swift; sourceTree = "<group>"; };
		B6DA3A511CE4EF41006384A1 /* WTRecommendCell.xib */ = {isa = PBXFileReference; fileEncoding = 4; lastKnownFileType = file.xib; path = WTRecommendCell.xib; sourceTree = "<group>"; };
		B6DA3A521CE4EF41006384A1 /* WTVideoListCell.swift */ = {isa = PBXFileReference; fileEncoding = 4; lastKnownFileType = sourcecode.swift; path = WTVideoListCell.swift; sourceTree = "<group>"; };
		B6DA3A531CE4EF41006384A1 /* WTVideoListCell.xib */ = {isa = PBXFileReference; fileEncoding = 4; lastKnownFileType = file.xib; path = WTVideoListCell.xib; sourceTree = "<group>"; };
		B6DA3A541CE4EF41006384A1 /* WTVideoListCollectionView.swift */ = {isa = PBXFileReference; fileEncoding = 4; lastKnownFileType = sourcecode.swift; path = WTVideoListCollectionView.swift; sourceTree = "<group>"; };
		B6DA3A621CE4EF9E006384A1 /* libz.tbd */ = {isa = PBXFileReference; lastKnownFileType = "sourcecode.text-based-dylib-definition"; name = libz.tbd; path = usr/lib/libz.tbd; sourceTree = SDKROOT; };
		BA8A2A7C4F10B984855F9083 /* Pods-WTBilibili.debug.xcconfig */ = {isa = PBXFileReference; includeInIndex = 1; lastKnownFileType = text.xcconfig; name = "Pods-WTBilibili.debug.xcconfig"; path = "Pods/Target Support Files/Pods-WTBilibili/Pods-WTBilibili.debug.xcconfig"; sourceTree = "<group>"; };
		BFAF31359A5A3FB5C3F329AA /* Pods_WTBilibili.framework */ = {isa = PBXFileReference; explicitFileType = wrapper.framework; includeInIndex = 0; path = Pods_WTBilibili.framework; sourceTree = BUILT_PRODUCTS_DIR; };
/* End PBXFileReference section */

/* Begin PBXFrameworksBuildPhase section */
		B6D4F1741CD8CAFC009B39E0 /* Frameworks */ = {
			isa = PBXFrameworksBuildPhase;
			buildActionMask = 2147483647;
			files = (
				B6271D661D5D752D00A66983 /* IJKMediaFramework.framework in Frameworks */,
				B6DA3A631CE4EF9E006384A1 /* libz.tbd in Frameworks */,
				FAEA143DCEDDF596A524371E /* Pods_WTBilibili.framework in Frameworks */,
			);
			runOnlyForDeploymentPostprocessing = 0;
		};
/* End PBXFrameworksBuildPhase section */

/* Begin PBXGroup section */
		30496F6C1CD9896300C8B5E6 /* Home-首页 */ = {
			isa = PBXGroup;
			children = (
				30496F6D1CD9896300C8B5E6 /* Controller */,
				30496F701CD9896300C8B5E6 /* Model */,
				30496F711CD9896300C8B5E6 /* View */,
				30496F721CD9896300C8B5E6 /* ViewModel */,
			);
			path = "Home-首页";
			sourceTree = "<group>";
		};
		30496F6D1CD9896300C8B5E6 /* Controller */ = {
			isa = PBXGroup;
			children = (
				30496F6E1CD9896300C8B5E6 /* WTHomeViewController.swift */,
				30496F6F1CD9896300C8B5E6 /* WTHomeViewController.xib */,
				B6DA39F01CE4EDA1006384A1 /* WTPlayerViewController.h */,
				B6DA39F11CE4EDA1006384A1 /* WTPlayerViewController.m */,
				B6DA39F21CE4EDA1006384A1 /* WTPlayerViewController.storyboard */,
			);
			path = Controller;
			sourceTree = "<group>";
		};
		30496F701CD9896300C8B5E6 /* Model */ = {
			isa = PBXGroup;
			children = (
			);
			path = Model;
			sourceTree = "<group>";
		};
		30496F711CD9896300C8B5E6 /* View */ = {
			isa = PBXGroup;
			children = (
			);
			path = View;
			sourceTree = "<group>";
		};
		30496F721CD9896300C8B5E6 /* ViewModel */ = {
			isa = PBXGroup;
			children = (
			);
			path = ViewModel;
			sourceTree = "<group>";
		};
		30496F731CD9896300C8B5E6 /* Live-直播 */ = {
			isa = PBXGroup;
			children = (
				B6DA3A091CE4EDF0006384A1 /* Controller */,
				B6DA3A0D1CE4EDF0006384A1 /* Model */,
				B6DA3A181CE4EDF0006384A1 /* View */,
				B6DA3A221CE4EDF0006384A1 /* ViewModel */,
			);
			path = "Live-直播";
			sourceTree = "<group>";
		};
		30496F791CD9896300C8B5E6 /* Recommend-推荐 */ = {
			isa = PBXGroup;
			children = (
				B6DA3A481CE4EF41006384A1 /* Controller */,
				B6DA3A4A1CE4EF41006384A1 /* Model */,
				B6DA3A4E1CE4EF41006384A1 /* View */,
				B6DA3A551CE4EF41006384A1 /* ViewModel */,
			);
			path = "Recommend-推荐";
			sourceTree = "<group>";
		};
		30496F7F1CD9896300C8B5E6 /* SomeDrama-番剧 */ = {
			isa = PBXGroup;
			children = (
				30496F801CD9896300C8B5E6 /* Controller */,
				30496F821CD9896300C8B5E6 /* Model */,
				30496F831CD9896300C8B5E6 /* View */,
				30496F841CD9896300C8B5E6 /* ViewModel */,
			);
			path = "SomeDrama-番剧";
			sourceTree = "<group>";
		};
		30496F801CD9896300C8B5E6 /* Controller */ = {
			isa = PBXGroup;
			children = (
				30496F811CD9896300C8B5E6 /* WTSomeDramaViewController.swift */,
			);
			path = Controller;
			sourceTree = "<group>";
		};
		30496F821CD9896300C8B5E6 /* Model */ = {
			isa = PBXGroup;
			children = (
			);
			path = Model;
			sourceTree = "<group>";
		};
		30496F831CD9896300C8B5E6 /* View */ = {
			isa = PBXGroup;
			children = (
			);
			path = View;
			sourceTree = "<group>";
		};
		30496F841CD9896300C8B5E6 /* ViewModel */ = {
			isa = PBXGroup;
			children = (
			);
			path = ViewModel;
			sourceTree = "<group>";
		};
		3235C7E918C28D4EF0A5B504 /* Frameworks */ = {
			isa = PBXGroup;
			children = (
				B6271D651D5D752D00A66983 /* IJKMediaFramework.framework */,
				B6DA3A621CE4EF9E006384A1 /* libz.tbd */,
				BFAF31359A5A3FB5C3F329AA /* Pods_WTBilibili.framework */,
			);
			name = Frameworks;
			sourceTree = "<group>";
		};
		5079371817381266BB4E06B1 /* Pods */ = {
			isa = PBXGroup;
			children = (
				BA8A2A7C4F10B984855F9083 /* Pods-WTBilibili.debug.xcconfig */,
				6698BF783E60EC7413211644 /* Pods-WTBilibili.release.xcconfig */,
			);
			name = Pods;
			sourceTree = "<group>";
		};
		B67FF7B31D0D874C00BF5C84 /* GameCenter-游戏中心 */ = {
			isa = PBXGroup;
			children = (
				B67FF7B41D0D876400BF5C84 /* Controller */,
				B67FF7B51D0D876400BF5C84 /* Model */,
				B67FF7B61D0D876400BF5C84 /* View */,
			);
			path = "GameCenter-游戏中心";
			sourceTree = "<group>";
		};
		B67FF7B41D0D876400BF5C84 /* Controller */ = {
			isa = PBXGroup;
			children = (
				B67FF7BD1D0DA3FB00BF5C84 /* WTGameCenterController.swift */,
			);
			path = Controller;
			sourceTree = "<group>";
		};
		B67FF7B51D0D876400BF5C84 /* Model */ = {
			isa = PBXGroup;
			children = (
				B67FF7BB1D0DA3A400BF5C84 /* WTGameCenterItem.swift */,
			);
			path = Model;
			sourceTree = "<group>";
		};
		B67FF7B61D0D876400BF5C84 /* View */ = {
			isa = PBXGroup;
			children = (
				B67FF7B71D0DA2EC00BF5C84 /* WTGameCenterCell.swift */,
				B67FF7B81D0DA2EC00BF5C84 /* WTGameCenterCell.xib */,
			);
			path = View;
			sourceTree = "<group>";
		};
		B699B8591CFF2C8000AFB98E /* Mine-我的 */ = {
			isa = PBXGroup;
			children = (
				B699B85A1CFF2C8000AFB98E /* Controller */,
				B699B85D1CFF2C8000AFB98E /* Model */,
				B699B85F1CFF2C8000AFB98E /* View */,
				B699B8631CFF2C8000AFB98E /* ViewModel */,
			);
			path = "Mine-我的";
			sourceTree = "<group>";
		};
		B699B85A1CFF2C8000AFB98E /* Controller */ = {
			isa = PBXGroup;
			children = (
				B699B85B1CFF2C8000AFB98E /* WTMineViewController.storyboard */,
				B699B85C1CFF2C8000AFB98E /* WTMineViewController.swift */,
				B6BC5B691D28FF5B000E0B46 /* WTUserCenterViewController.swift */,
				B6BC5B791D2A5728000E0B46 /* WTBaseTableView.swift */,
			);
			path = Controller;
			sourceTree = "<group>";
		};
		B699B85D1CFF2C8000AFB98E /* Model */ = {
			isa = PBXGroup;
			children = (
				B699B85E1CFF2C8000AFB98E /* WTMineItem.swift */,
				B6BC5B751D29150D000E0B46 /* WTUserCenterItem.swift */,
			);
			path = Model;
			sourceTree = "<group>";
		};
		B699B85F1CFF2C8000AFB98E /* View */ = {
			isa = PBXGroup;
			children = (
				B699B8601CFF2C8000AFB98E /* WTMineCell.swift */,
				B699B8611CFF2C8000AFB98E /* WTMineHeaderView.swift */,
				B699B8621CFF2C8000AFB98E /* WTMineHeaderView.xib */,
				B6BC5B6D1D290A52000E0B46 /* WTNotLoginView.swift */,
				B6BC5B6F1D290A60000E0B46 /* WTNotLoginView.xib */,
				B6BC5B711D2913CC000E0B46 /* WTUserCenterCell.swift */,
				B6BC5B721D2913CC000E0B46 /* WTUserCenterCell.xib */,
				B6BC5B771D2A2464000E0B46 /* WTUserCenterButton.swift */,
			);
			path = View;
			sourceTree = "<group>";
		};
		B699B8631CFF2C8000AFB98E /* ViewModel */ = {
			isa = PBXGroup;
			children = (
			);
			path = ViewModel;
			sourceTree = "<group>";
		};
		B699B8641CFF2C8000AFB98E /* Register-注册 */ = {
			isa = PBXGroup;
			children = (
				B699B8651CFF2C8000AFB98E /* Controller */,
				B699B8661CFF2C8000AFB98E /* Model */,
				B699B8671CFF2C8000AFB98E /* View */,
			);
			path = "Register-注册";
			sourceTree = "<group>";
		};
		B699B8651CFF2C8000AFB98E /* Controller */ = {
			isa = PBXGroup;
			children = (
				B699B86E1CFF2C9F00AFB98E /* WTRegisterViewController.swift */,
				B6A530F11D0C499500716FBE /* WTRegisterViewController.storyboard */,
				B6A530F51D0C639400716FBE /* WTAgreementViewController.swift */,
				B67FF7AD1D0D7E3200BF5C84 /* WTRegisterVerifyPhoneViewController.swift */,
				B67FF7AE1D0D7E3200BF5C84 /* WTRegisterVerifyPhoneViewController.xib */,
			);
			path = Controller;
			sourceTree = "<group>";
		};
		B699B8661CFF2C8000AFB98E /* Model */ = {
			isa = PBXGroup;
			children = (
			);
			path = Model;
			sourceTree = "<group>";
		};
		B699B8671CFF2C8000AFB98E /* View */ = {
			isa = PBXGroup;
			children = (
			);
			path = View;
			sourceTree = "<group>";
		};
		B6A428481CD8D81C0033E65B /* Mine-我的 */ = {
			isa = PBXGroup;
			children = (
				B699B8591CFF2C8000AFB98E /* Mine-我的 */,
				B699B8641CFF2C8000AFB98E /* Register-注册 */,
				B67FF7B31D0D874C00BF5C84 /* GameCenter-游戏中心 */,
			);
			path = "Mine-我的";
			sourceTree = "<group>";
		};
		B6A428511CD8DCE00033E65B /* Startup-启动 */ = {
			isa = PBXGroup;
			children = (
				B6A4286D1CD8F28C0033E65B /* WTStartupViewController.swift */,
				B6A4286E1CD8F28C0033E65B /* WTStartupViewController.xib */,
			);
			path = "Startup-启动";
			sourceTree = "<group>";
		};
		B6D0C86C1D2A7AE2005AAFC4 /* Category-分区 */ = {
			isa = PBXGroup;
			children = (
				B6D0C8721D2A7E17005AAFC4 /* Model */,
				B6D0C8731D2A7E17005AAFC4 /* View */,
				B6D0C86D1D2A7AE2005AAFC4 /* Controller */,
			);
			path = "Category-分区";
			sourceTree = "<group>";
		};
		B6D0C86D1D2A7AE2005AAFC4 /* Controller */ = {
			isa = PBXGroup;
			children = (
				B6D0C86E1D2A7AE2005AAFC4 /* WTCategoryViewController.swift */,
				B6D0C8701D2A7BD6005AAFC4 /* WTCategoryViewController.storyboard */,
			);
			path = Controller;
			sourceTree = "<group>";
		};
		B6D0C8721D2A7E17005AAFC4 /* Model */ = {
			isa = PBXGroup;
			children = (
			);
			path = Model;
			sourceTree = "<group>";
		};
		B6D0C8731D2A7E17005AAFC4 /* View */ = {
			isa = PBXGroup;
			children = (
				B6D0C8741D2A7E30005AAFC4 /* WTCategoryCell.swift */,
			);
			path = View;
			sourceTree = "<group>";
		};
		B6D0C8A01D338EA2005AAFC4 /* Controller */ = {
			isa = PBXGroup;
			children = (
				B6D0C8A11D338EA2005AAFC4 /* WTLoginViewController.swift */,
				B6D0C8A21D338EA2005AAFC4 /* WTLoginViewController.xib */,
			);
			path = Controller;
			sourceTree = "<group>";
		};
		B6D0C8A31D338EA2005AAFC4 /* Model */ = {
			isa = PBXGroup;
			children = (
				B6D0C8A71D338EB5005AAFC4 /* WTLoginKeyItem.swift */,
			);
			path = Model;
			sourceTree = "<group>";
		};
		B6D0C8A41D338EA2005AAFC4 /* View */ = {
			isa = PBXGroup;
			children = (
			);
			path = View;
			sourceTree = "<group>";
		};
		B6D4F16E1CD8CAFC009B39E0 = {
			isa = PBXGroup;
			children = (
				B6D4F1791CD8CAFD009B39E0 /* WTBilibili */,
				B6D4F1781CD8CAFD009B39E0 /* Products */,
				5079371817381266BB4E06B1 /* Pods */,
				3235C7E918C28D4EF0A5B504 /* Frameworks */,
			);
			sourceTree = "<group>";
		};
		B6D4F1781CD8CAFD009B39E0 /* Products */ = {
			isa = PBXGroup;
			children = (
				B6D4F1771CD8CAFD009B39E0 /* WTBilibili.app */,
			);
			name = Products;
			sourceTree = "<group>";
		};
		B6D4F1791CD8CAFD009B39E0 /* WTBilibili */ = {
			isa = PBXGroup;
			children = (
				B6D4F1A91CD8D11C009B39E0 /* Home-首页 */,
				B6D0C86C1D2A7AE2005AAFC4 /* Category-分区 */,
				B6D4F1911CD8CCCA009B39E0 /* Follow-关注 */,
				B6D4F18C1CD8CCCA009B39E0 /* Discover-发现 */,
				B6A428481CD8D81C0033E65B /* Mine-我的 */,
				B6D4F1BE1CD8D1C3009B39E0 /* Other-其他 */,
				B6D4F1A41CD8CDF6009B39E0 /* Resource-资源 */,
				B6D4F17A1CD8CAFD009B39E0 /* AppDelegate.swift */,
				B6D4F1811CD8CAFD009B39E0 /* Assets.xcassets */,
				B6D4F1831CD8CAFD009B39E0 /* LaunchScreen.storyboard */,
				B6D4F1861CD8CAFD009B39E0 /* Info.plist */,
			);
			path = WTBilibili;
			sourceTree = "<group>";
		};
		B6D4F18C1CD8CCCA009B39E0 /* Discover-发现 */ = {
			isa = PBXGroup;
			children = (
				B6D4F18D1CD8CCCA009B39E0 /* Controller */,
				B6D4F18E1CD8CCCA009B39E0 /* Model */,
				B6D4F18F1CD8CCCA009B39E0 /* View */,
				B6D4F1901CD8CCCA009B39E0 /* ViewModel */,
			);
			path = "Discover-发现";
			sourceTree = "<group>";
		};
		B6D4F18D1CD8CCCA009B39E0 /* Controller */ = {
			isa = PBXGroup;
			children = (
				B6A4284F1CD8DB4A0033E65B /* WTDiscoverViewController.swift */,
			);
			path = Controller;
			sourceTree = "<group>";
		};
		B6D4F18E1CD8CCCA009B39E0 /* Model */ = {
			isa = PBXGroup;
			children = (
			);
			path = Model;
			sourceTree = "<group>";
		};
		B6D4F18F1CD8CCCA009B39E0 /* View */ = {
			isa = PBXGroup;
			children = (
				B6D0C8821D2BAF6D005AAFC4 /* WTSearchHeaderCollectionView.swift */,
				B6D0C8841D2D07CE005AAFC4 /* WTDiscoverCell.swift */,
				B6D0C88C1D2E4AD0005AAFC4 /* WTSeeMoreView.swift */,
				B6D0C88E1D2E4ADA005AAFC4 /* WTSeeMoreView.xib */,
				B6D0C8931D2E8E06005AAFC4 /* WTSearchHeaderCell.swift */,
				B6D0C8941D2E8E06005AAFC4 /* WTSearchHeaderCell.xib */,
			);
			path = View;
			sourceTree = "<group>";
		};
		B6D4F1901CD8CCCA009B39E0 /* ViewModel */ = {
			isa = PBXGroup;
			children = (
			);
			path = ViewModel;
			sourceTree = "<group>";
		};
		B6D4F1911CD8CCCA009B39E0 /* Follow-关注 */ = {
			isa = PBXGroup;
			children = (
				B6D4F1921CD8CCCA009B39E0 /* Controller */,
				B6D4F1931CD8CCCA009B39E0 /* Model */,
				B6D4F1941CD8CCCA009B39E0 /* View */,
				B6D4F1951CD8CCCA009B39E0 /* ViewModel */,
			);
			path = "Follow-关注";
			sourceTree = "<group>";
		};
		B6D4F1921CD8CCCA009B39E0 /* Controller */ = {
			isa = PBXGroup;
			children = (
			);
			path = Controller;
			sourceTree = "<group>";
		};
		B6D4F1931CD8CCCA009B39E0 /* Model */ = {
			isa = PBXGroup;
			children = (
			);
			path = Model;
			sourceTree = "<group>";
		};
		B6D4F1941CD8CCCA009B39E0 /* View */ = {
			isa = PBXGroup;
			children = (
			);
			path = View;
			sourceTree = "<group>";
		};
		B6D4F1951CD8CCCA009B39E0 /* ViewModel */ = {
			isa = PBXGroup;
			children = (
			);
			path = ViewModel;
			sourceTree = "<group>";
		};
		B6D4F1A41CD8CDF6009B39E0 /* Resource-资源 */ = {
			isa = PBXGroup;
			children = (
				B6A530F31D0C4E2000716FBE /* register_licence.html */,
				B699B8511CFF146E00AFB98E /* HY-QiHei50.ttf */,
				B6D4F1A51CD8CDFD009B39E0 /* home_init */,
			);
			path = "Resource-资源";
			sourceTree = "<group>";
		};
		B6D4F1A51CD8CDFD009B39E0 /* home_init */ = {
			isa = PBXGroup;
			children = (
				B6D4F1A61CD8CDFD009B39E0 /* config */,
			);
			path = home_init;
			sourceTree = "<group>";
		};
		B6D4F1A91CD8D11C009B39E0 /* Home-首页 */ = {
			isa = PBXGroup;
			children = (
				30496F6C1CD9896300C8B5E6 /* Home-首页 */,
				30496F731CD9896300C8B5E6 /* Live-直播 */,
				30496F791CD9896300C8B5E6 /* Recommend-推荐 */,
				30496F7F1CD9896300C8B5E6 /* SomeDrama-番剧 */,
			);
			path = "Home-首页";
			sourceTree = "<group>";
		};
		B6D4F1BE1CD8D1C3009B39E0 /* Other-其他 */ = {
			isa = PBXGroup;
			children = (
				B6DA3A3D1CE4EE9C006384A1 /* Extension-扩展 */,
				B6D4F1BF1CD8D1C3009B39E0 /* Login-登陆 */,
				B6D4F1C01CD8D1C3009B39E0 /* Navi-导航 */,
				B6A428511CD8DCE00033E65B /* Startup-启动 */,
				B6D4F1C11CD8D1C3009B39E0 /* TabBar */,
				30496F961CD9CDFE00C8B5E6 /* NetworkTools.swift */,
				B6DA3A3B1CE4EE73006384A1 /* WTBilibiliTool.swift */,
				B6DA39E81CE4EAC4006384A1 /* WTBilibili-Bridging-Header.h */,
				B699B8521CFF14B300AFB98E /* WTLabel.swift */,
				B6D706131D0EEF6800B65C95 /* WTWebViewController.swift */,
				B6D706141D0EEF6800B65C95 /* WTWebViewController.xib */,
				B6D0C8801D2B990F005AAFC4 /* WTBaseViewController.swift */,
			);
			path = "Other-其他";
			sourceTree = "<group>";
		};
		B6D4F1BF1CD8D1C3009B39E0 /* Login-登陆 */ = {
			isa = PBXGroup;
			children = (
				B6D0C8A01D338EA2005AAFC4 /* Controller */,
				B6D0C8A31D338EA2005AAFC4 /* Model */,
				B6D0C8A41D338EA2005AAFC4 /* View */,
			);
			path = "Login-登陆";
			sourceTree = "<group>";
		};
		B6D4F1C01CD8D1C3009B39E0 /* Navi-导航 */ = {
			isa = PBXGroup;
			children = (
				B6D4F1C61CD8D29B009B39E0 /* WTNavigationController.swift */,
			);
			path = "Navi-导航";
			sourceTree = "<group>";
		};
		B6D4F1C11CD8D1C3009B39E0 /* TabBar */ = {
			isa = PBXGroup;
			children = (
				B6D4F1C21CD8D1DA009B39E0 /* WTTabBarController.swift */,
				B6D0C8761D2B533E005AAFC4 /* WTTabBar.swift */,
				B6D0C87E1D2B5997005AAFC4 /* WTTabBarButton.swift */,
			);
			path = TabBar;
			sourceTree = "<group>";
		};
		B6DA3A091CE4EDF0006384A1 /* Controller */ = {
			isa = PBXGroup;
			children = (
				B6DA3A0C1CE4EDF0006384A1 /* WTLiveViewController.swift */,
				B6DA3A0B1CE4EDF0006384A1 /* WTLiveDetailViewController.swift */,
				B6DA3A0A1CE4EDF0006384A1 /* WTLiveDetailViewController.storyboard */,
				B6B148D41CFB26EE0020CB89 /* WTLiveDetailVerticalPlayerViewController.swift */,
				B6B148D61CFB32320020CB89 /* WTLiveDetailVerticalPlayerViewController.xib */,
				B68023751D12410F00F17504 /* WTLiveDanmakuViewController.swift */,
			);
			path = Controller;
			sourceTree = "<group>";
		};
		B6DA3A0D1CE4EDF0006384A1 /* Model */ = {
			isa = PBXGroup;
			children = (
				B6DA3A0F1CE4EDF0006384A1 /* WTEntranceIconsItem.swift */,
				B6DA3A101CE4EDF0006384A1 /* WTIconItem.swift */,
				B6DA3A111CE4EDF0006384A1 /* WTLiveDetailItem.swift */,
				B6DA3A121CE4EDF0006384A1 /* WTLiveDetailMetaItem.swift */,
				B6DA3A131CE4EDF0006384A1 /* WTLiveDetailScheduleItem.swift */,
				B6DA3A141CE4EDF0006384A1 /* WTLiveItem.swift */,
				B6DA3A151CE4EDF0006384A1 /* WTOwnerItem.swift */,
				B6DA3A161CE4EDF0006384A1 /* WTPartitionItem.swift */,
				B6DA3A171CE4EDF0006384A1 /* WTPartitionsItem.swift */,
			);
			path = Model;
			sourceTree = "<group>";
		};
		B6DA3A181CE4EDF0006384A1 /* View */ = {
			isa = PBXGroup;
			children = (
				B6DA3A191CE4EDF0006384A1 /* WTEntranceCell.swift */,
				B6DA3A1A1CE4EDF0006384A1 /* WTEntranceCell.xib */,
				B6DA3A1B1CE4EDF0006384A1 /* WTEntranceIconButton.swift */,
				B6DA3A1C1CE4EDF0006384A1 /* WTLiveHeaderView.swift */,
				B6DA3A1D1CE4EDF0006384A1 /* WTLiveListCell.swift */,
				B6DA3A1E1CE4EDF0006384A1 /* WTLiveListCell.xib */,
				B6DA3A1F1CE4EDF0006384A1 /* WTLiveListCollectionView.swift */,
				B6DA3A201CE4EDF0006384A1 /* WTLivePartitionCell.swift */,
				B6DA3A211CE4EDF0006384A1 /* WTLivePartitionCell.xib */,
				B66E25EE1CF74BCE00A15BDF /* WTLiveDetailUserInfoView.swift */,
				B66E25F21CF74C4500A15BDF /* WTLiveDetailUserInfoView.xib */,
				B68023731D12402300F17504 /* WTBiliControllerContainerView.swift */,
				B68023811D12BB6F00F17504 /* WTPlayerControlPanelV2.swift */,
				B68023831D12BBE800F17504 /* WTPlayerControlPanelV2.xib */,
			);
			path = View;
			sourceTree = "<group>";
		};
		B6DA3A221CE4EDF0006384A1 /* ViewModel */ = {
			isa = PBXGroup;
			children = (
			);
			path = ViewModel;
			sourceTree = "<group>";
		};
		B6DA3A3D1CE4EE9C006384A1 /* Extension-扩展 */ = {
			isa = PBXGroup;
			children = (
				B6D0C8AD1D360A3B005AAFC4 /* NSString+URLEncode.h */,
				B6D0C8AE1D360A3B005AAFC4 /* NSString+URLEncode.m */,
				B6D0C8971D3378AF005AAFC4 /* RSAEncryptor.h */,
				B6D0C8981D3378AF005AAFC4 /* RSAEncryptor.m */,
				B6D0C8901D2E8975005AAFC4 /* UIImage+Tint.h */,
				B6D0C8911D2E8975005AAFC4 /* UIImage+Tint.m */,
				B6DA3A3E1CE4EE9C006384A1 /* Common.swift */,
				B6DA3A3F1CE4EE9C006384A1 /* String-Extension.swift */,
				B6DA3A401CE4EE9C006384A1 /* UIImage-Extension.swift */,
				B6DA3A411CE4EE9C006384A1 /* UIViewController-Extension.swift */,
				B6B148D21CF75E880020CB89 /* UIColor-Extension.swift */,
				B67FF7B11D0D843A00BF5C84 /* UIBarButtonItem-Extension.swift */,
				B680237B1D124D8D00F17504 /* XMGTopWindow.h */,
				B680237C1D124D8D00F17504 /* XMGTopWindow.m */,
				B680237D1D124D8D00F17504 /* XMGTopWindowViewController.h */,
				B680237E1D124D8D00F17504 /* XMGTopWindowViewController.m */,
				B6D0C88A1D2E2961005AAFC4 /* UIFont-Extension.swift */,
			);
			path = "Extension-扩展";
			sourceTree = "<group>";
		};
		B6DA3A481CE4EF41006384A1 /* Controller */ = {
			isa = PBXGroup;
			children = (
				B6DA3A491CE4EF41006384A1 /* WTRecommendViewController.swift */,
			);
			path = Controller;
			sourceTree = "<group>";
		};
		B6DA3A4A1CE4EF41006384A1 /* Model */ = {
			isa = PBXGroup;
			children = (
				B6DA3A4B1CE4EF41006384A1 /* WTBannerItem.swift */,
				B6DA3A4C1CE4EF41006384A1 /* WTRecommendItem.swift */,
				B6DA3A4D1CE4EF41006384A1 /* WTVideoItem.swift */,
			);
			path = Model;
			sourceTree = "<group>";
		};
		B6DA3A4E1CE4EF41006384A1 /* View */ = {
			isa = PBXGroup;
			children = (
				B6DA3A4F1CE4EF41006384A1 /* WTBannerHeaderView.swift */,
				B6DA3A501CE4EF41006384A1 /* WTRecommendCell.swift */,
				B6DA3A511CE4EF41006384A1 /* WTRecommendCell.xib */,
				B6DA3A521CE4EF41006384A1 /* WTVideoListCell.swift */,
				B6DA3A531CE4EF41006384A1 /* WTVideoListCell.xib */,
				B6DA3A541CE4EF41006384A1 /* WTVideoListCollectionView.swift */,
			);
			path = View;
			sourceTree = "<group>";
		};
		B6DA3A551CE4EF41006384A1 /* ViewModel */ = {
			isa = PBXGroup;
			children = (
			);
			path = ViewModel;
			sourceTree = "<group>";
		};
/* End PBXGroup section */

/* Begin PBXNativeTarget section */
		B6D4F1761CD8CAFC009B39E0 /* WTBilibili */ = {
			isa = PBXNativeTarget;
			buildConfigurationList = B6D4F1891CD8CAFD009B39E0 /* Build configuration list for PBXNativeTarget "WTBilibili" */;
			buildPhases = (
				DDF9DF5959B7FCA4BBB94AB0 /* Check Pods Manifest.lock */,
				B6D4F1731CD8CAFC009B39E0 /* Sources */,
				B6D4F1741CD8CAFC009B39E0 /* Frameworks */,
				B6D4F1751CD8CAFC009B39E0 /* Resources */,
				B612E3CE173D7E022BDF343F /* Embed Pods Frameworks */,
				9670466119CF3280CEB2443A /* Copy Pods Resources */,
			);
			buildRules = (
			);
			dependencies = (
			);
			name = WTBilibili;
			productName = WTBilibili;
			productReference = B6D4F1771CD8CAFD009B39E0 /* WTBilibili.app */;
			productType = "com.apple.product-type.application";
		};
/* End PBXNativeTarget section */

/* Begin PBXProject section */
		B6D4F16F1CD8CAFC009B39E0 /* Project object */ = {
			isa = PBXProject;
			attributes = {
				LastSwiftUpdateCheck = 0730;
				LastUpgradeCheck = 0730;
				ORGANIZATIONNAME = "无头骑士 GJ";
				TargetAttributes = {
					B6D4F1761CD8CAFC009B39E0 = {
						CreatedOnToolsVersion = 7.3;
						DevelopmentTeam = 384BYGYQSF;
					};
				};
			};
			buildConfigurationList = B6D4F1721CD8CAFC009B39E0 /* Build configuration list for PBXProject "WTBilibili" */;
			compatibilityVersion = "Xcode 3.2";
			developmentRegion = English;
			hasScannedForEncodings = 0;
			knownRegions = (
				en,
				Base,
			);
			mainGroup = B6D4F16E1CD8CAFC009B39E0;
			productRefGroup = B6D4F1781CD8CAFD009B39E0 /* Products */;
			projectDirPath = "";
			projectRoot = "";
			targets = (
				B6D4F1761CD8CAFC009B39E0 /* WTBilibili */,
			);
		};
/* End PBXProject section */

/* Begin PBXResourcesBuildPhase section */
		B6D4F1751CD8CAFC009B39E0 /* Resources */ = {
			isa = PBXResourcesBuildPhase;
			buildActionMask = 2147483647;
			files = (
				B699B8541CFF191000AFB98E /* HY-QiHei50.ttf in Resources */,
				B67FF7B01D0D7E3200BF5C84 /* WTRegisterVerifyPhoneViewController.xib in Resources */,
				B66E25F31CF74C4500A15BDF /* WTLiveDetailUserInfoView.xib in Resources */,
				B68023841D12BBE800F17504 /* WTPlayerControlPanelV2.xib in Resources */,
				B6A530F41D0C4E2000716FBE /* register_licence.html in Resources */,
				B6A530F21D0C499500716FBE /* WTRegisterViewController.storyboard in Resources */,
				B6DA3A381CE4EDF0006384A1 /* WTLivePartitionCell.xib in Resources */,
				B6BC5B741D2913CC000E0B46 /* WTUserCenterCell.xib in Resources */,
				B6A428701CD8F28C0033E65B /* WTStartupViewController.xib in Resources */,
				B6DA3A5E1CE4EF41006384A1 /* WTVideoListCell.xib in Resources */,
				B6D706161D0EEF6800B65C95 /* WTWebViewController.xib in Resources */,
				B6D0C88F1D2E4ADA005AAFC4 /* WTSeeMoreView.xib in Resources */,
				B6D4F1851CD8CAFD009B39E0 /* LaunchScreen.storyboard in Resources */,
				B699B8681CFF2C8000AFB98E /* WTMineViewController.storyboard in Resources */,
				B6DA3A231CE4EDF0006384A1 /* WTLiveDetailViewController.storyboard in Resources */,
				B6BC5B701D290A60000E0B46 /* WTNotLoginView.xib in Resources */,
				B699B86D1CFF2C8000AFB98E /* WTMineHeaderView.xib in Resources */,
				B6DA3A311CE4EDF0006384A1 /* WTEntranceCell.xib in Resources */,
				B6D0C8961D2E8E06005AAFC4 /* WTSearchHeaderCell.xib in Resources */,
				B6B148D71CFB32320020CB89 /* WTLiveDetailVerticalPlayerViewController.xib in Resources */,
				B6D0C8A61D338EA2005AAFC4 /* WTLoginViewController.xib in Resources */,
				B6DA3A351CE4EDF0006384A1 /* WTLiveListCell.xib in Resources */,
				30496F871CD9896300C8B5E6 /* WTHomeViewController.xib in Resources */,
				B6D4F1A71CD8CDFD009B39E0 /* config in Resources */,
				B6DA39F41CE4EDA1006384A1 /* WTPlayerViewController.storyboard in Resources */,
				B6DA3A5C1CE4EF41006384A1 /* WTRecommendCell.xib in Resources */,
				B6D0C8711D2A7BD6005AAFC4 /* WTCategoryViewController.storyboard in Resources */,
				B6D4F1821CD8CAFD009B39E0 /* Assets.xcassets in Resources */,
				B67FF7BA1D0DA2EC00BF5C84 /* WTGameCenterCell.xib in Resources */,
			);
			runOnlyForDeploymentPostprocessing = 0;
		};
/* End PBXResourcesBuildPhase section */

/* Begin PBXShellScriptBuildPhase section */
		9670466119CF3280CEB2443A /* Copy Pods Resources */ = {
			isa = PBXShellScriptBuildPhase;
			buildActionMask = 2147483647;
			files = (
			);
			inputPaths = (
			);
			name = "Copy Pods Resources";
			outputPaths = (
			);
			runOnlyForDeploymentPostprocessing = 0;
			shellPath = /bin/sh;
			shellScript = "\"${SRCROOT}/Pods/Target Support Files/Pods-WTBilibili/Pods-WTBilibili-resources.sh\"\n";
			showEnvVarsInLog = 0;
		};
		B612E3CE173D7E022BDF343F /* Embed Pods Frameworks */ = {
			isa = PBXShellScriptBuildPhase;
			buildActionMask = 2147483647;
			files = (
			);
			inputPaths = (
			);
			name = "Embed Pods Frameworks";
			outputPaths = (
			);
			runOnlyForDeploymentPostprocessing = 0;
			shellPath = /bin/sh;
			shellScript = "\"${SRCROOT}/Pods/Target Support Files/Pods-WTBilibili/Pods-WTBilibili-frameworks.sh\"\n";
			showEnvVarsInLog = 0;
		};
		DDF9DF5959B7FCA4BBB94AB0 /* Check Pods Manifest.lock */ = {
			isa = PBXShellScriptBuildPhase;
			buildActionMask = 2147483647;
			files = (
			);
			inputPaths = (
			);
			name = "Check Pods Manifest.lock";
			outputPaths = (
			);
			runOnlyForDeploymentPostprocessing = 0;
			shellPath = /bin/sh;
			shellScript = "diff \"${PODS_ROOT}/../Podfile.lock\" \"${PODS_ROOT}/Manifest.lock\" > /dev/null\nif [[ $? != 0 ]] ; then\n    cat << EOM\nerror: The sandbox is not in sync with the Podfile.lock. Run 'pod install' or update your CocoaPods installation.\nEOM\n    exit 1\nfi\n";
			showEnvVarsInLog = 0;
		};
/* End PBXShellScriptBuildPhase section */

/* Begin PBXSourcesBuildPhase section */
		B6D4F1731CD8CAFC009B39E0 /* Sources */ = {
			isa = PBXSourcesBuildPhase;
			buildActionMask = 2147483647;
			files = (
				B6DA3A331CE4EDF0006384A1 /* WTLiveHeaderView.swift in Sources */,
				B6DA3A2D1CE4EDF0006384A1 /* WTOwnerItem.swift in Sources */,
				B6D0C8811D2B990F005AAFC4 /* WTBaseViewController.swift in Sources */,
				B6D0C8991D3378AF005AAFC4 /* RSAEncryptor.m in Sources */,
				B6DA3A5A1CE4EF41006384A1 /* WTBannerHeaderView.swift in Sources */,
				B6DA3A5B1CE4EF41006384A1 /* WTRecommendCell.swift in Sources */,
				B6B148D51CFB26EE0020CB89 /* WTLiveDetailVerticalPlayerViewController.swift in Sources */,
				B6DA3A2E1CE4EDF0006384A1 /* WTPartitionItem.swift in Sources */,
				B6DA3A251CE4EDF0006384A1 /* WTLiveViewController.swift in Sources */,
				B6D0C8A51D338EA2005AAFC4 /* WTLoginViewController.swift in Sources */,
				B6A530F71D0C639400716FBE /* WTAgreementViewController.swift in Sources */,
				B6D0C8A81D338EB5005AAFC4 /* WTLoginKeyItem.swift in Sources */,
				B680237F1D124D8D00F17504 /* XMGTopWindow.m in Sources */,
				B6DA3A271CE4EDF0006384A1 /* WTEntranceIconsItem.swift in Sources */,
				B68023761D12410F00F17504 /* WTLiveDanmakuViewController.swift in Sources */,
				B6BC5B761D29150D000E0B46 /* WTUserCenterItem.swift in Sources */,
				B67FF7BE1D0DA3FB00BF5C84 /* WTGameCenterController.swift in Sources */,
				B6DA3A441CE4EE9C006384A1 /* UIImage-Extension.swift in Sources */,
				B6DA3A2B1CE4EDF0006384A1 /* WTLiveDetailScheduleItem.swift in Sources */,
				B699B86C1CFF2C8000AFB98E /* WTMineHeaderView.swift in Sources */,
				B6BC5B731D2913CC000E0B46 /* WTUserCenterCell.swift in Sources */,
				B68023741D12402300F17504 /* WTBiliControllerContainerView.swift in Sources */,
				B699B8691CFF2C8000AFB98E /* WTMineViewController.swift in Sources */,
				B699B8701CFF2C9F00AFB98E /* WTRegisterViewController.swift in Sources */,
				B6DA3A241CE4EDF0006384A1 /* WTLiveDetailViewController.swift in Sources */,
				30496F971CD9CDFF00C8B5E6 /* NetworkTools.swift in Sources */,
				B6DA3A2A1CE4EDF0006384A1 /* WTLiveDetailMetaItem.swift in Sources */,
				B699B86B1CFF2C8000AFB98E /* WTMineCell.swift in Sources */,
				B6DA3A281CE4EDF0006384A1 /* WTIconItem.swift in Sources */,
				B6DA3A2C1CE4EDF0006384A1 /* WTLiveItem.swift in Sources */,
				B6DA39F31CE4EDA1006384A1 /* WTPlayerViewController.m in Sources */,
				B6D706151D0EEF6800B65C95 /* WTWebViewController.swift in Sources */,
				B67FF7B21D0D843A00BF5C84 /* UIBarButtonItem-Extension.swift in Sources */,
				B6D4F1C31CD8D1DA009B39E0 /* WTTabBarController.swift in Sources */,
				B68023801D124D8D00F17504 /* XMGTopWindowViewController.m in Sources */,
				B6BC5B6E1D290A52000E0B46 /* WTNotLoginView.swift in Sources */,
				B6BC5B6A1D28FF5B000E0B46 /* WTUserCenterViewController.swift in Sources */,
				B6DA3A341CE4EDF0006384A1 /* WTLiveListCell.swift in Sources */,
				B6DA3A451CE4EE9C006384A1 /* UIViewController-Extension.swift in Sources */,
				B67FF7AF1D0D7E3200BF5C84 /* WTRegisterVerifyPhoneViewController.swift in Sources */,
				B6A428501CD8DB4A0033E65B /* WTDiscoverViewController.swift in Sources */,
				B6DA3A371CE4EDF0006384A1 /* WTLivePartitionCell.swift in Sources */,
				B6DA3A5F1CE4EF41006384A1 /* WTVideoListCollectionView.swift in Sources */,
				B6D0C8951D2E8E06005AAFC4 /* WTSearchHeaderCell.swift in Sources */,
				B6DA3A571CE4EF41006384A1 /* WTBannerItem.swift in Sources */,
				30496F8A1CD9896300C8B5E6 /* WTSomeDramaViewController.swift in Sources */,
				B6D0C8921D2E8975005AAFC4 /* UIImage+Tint.m in Sources */,
				B6DA3A591CE4EF41006384A1 /* WTVideoItem.swift in Sources */,
				B6D4F1C71CD8D29B009B39E0 /* WTNavigationController.swift in Sources */,
				B6DA3A5D1CE4EF41006384A1 /* WTVideoListCell.swift in Sources */,
				B6B148D31CF75E880020CB89 /* UIColor-Extension.swift in Sources */,
				B6D0C8771D2B533E005AAFC4 /* WTTabBar.swift in Sources */,
				B6DA3A291CE4EDF0006384A1 /* WTLiveDetailItem.swift in Sources */,
				B68023821D12BB6F00F17504 /* WTPlayerControlPanelV2.swift in Sources */,
				B6BC5B7A1D2A5728000E0B46 /* WTBaseTableView.swift in Sources */,
				B6DA3A421CE4EE9C006384A1 /* Common.swift in Sources */,
				B6D0C8831D2BAF6D005AAFC4 /* WTSearchHeaderCollectionView.swift in Sources */,
				B6D0C8751D2A7E30005AAFC4 /* WTCategoryCell.swift in Sources */,
				B6D0C8AF1D360A3B005AAFC4 /* NSString+URLEncode.m in Sources */,
				B67FF7B91D0DA2EC00BF5C84 /* WTGameCenterCell.swift in Sources */,
				B699B86A1CFF2C8000AFB98E /* WTMineItem.swift in Sources */,
				B6D0C87F1D2B5997005AAFC4 /* WTTabBarButton.swift in Sources */,
				B6DA3A3C1CE4EE73006384A1 /* WTBilibiliTool.swift in Sources */,
				B699B8531CFF14B300AFB98E /* WTLabel.swift in Sources */,
				B6D0C86F1D2A7AE2005AAFC4 /* WTCategoryViewController.swift in Sources */,
				B6DA3A321CE4EDF0006384A1 /* WTEntranceIconButton.swift in Sources */,
				B6DA3A361CE4EDF0006384A1 /* WTLiveListCollectionView.swift in Sources */,
				B66E25EF1CF74BCE00A15BDF /* WTLiveDetailUserInfoView.swift in Sources */,
				B6BC5B781D2A2464000E0B46 /* WTUserCenterButton.swift in Sources */,
				B6D0C88B1D2E2961005AAFC4 /* UIFont-Extension.swift in Sources */,
				B6DA3A2F1CE4EDF0006384A1 /* WTPartitionsItem.swift in Sources */,
				B6D0C8851D2D07CE005AAFC4 /* WTDiscoverCell.swift in Sources */,
				B6DA3A431CE4EE9C006384A1 /* String-Extension.swift in Sources */,
				B6D0C88D1D2E4AD0005AAFC4 /* WTSeeMoreView.swift in Sources */,
				B6DA3A301CE4EDF0006384A1 /* WTEntranceCell.swift in Sources */,
				B67FF7BC1D0DA3A400BF5C84 /* WTGameCenterItem.swift in Sources */,
				B6A4286F1CD8F28C0033E65B /* WTStartupViewController.swift in Sources */,
				B6D4F17B1CD8CAFD009B39E0 /* AppDelegate.swift in Sources */,
				B6DA3A581CE4EF41006384A1 /* WTRecommendItem.swift in Sources */,
				30496F861CD9896300C8B5E6 /* WTHomeViewController.swift in Sources */,
				B6DA3A561CE4EF41006384A1 /* WTRecommendViewController.swift in Sources */,
			);
			runOnlyForDeploymentPostprocessing = 0;
		};
/* End PBXSourcesBuildPhase section */

/* Begin PBXVariantGroup section */
		B6D4F1831CD8CAFD009B39E0 /* LaunchScreen.storyboard */ = {
			isa = PBXVariantGroup;
			children = (
				B6D4F1841CD8CAFD009B39E0 /* Base */,
			);
			name = LaunchScreen.storyboard;
			sourceTree = "<group>";
		};
/* End PBXVariantGroup section */

/* Begin XCBuildConfiguration section */
		B6D4F1871CD8CAFD009B39E0 /* Debug */ = {
			isa = XCBuildConfiguration;
			buildSettings = {
				ALWAYS_SEARCH_USER_PATHS = NO;
				CLANG_ANALYZER_NONNULL = YES;
				CLANG_CXX_LANGUAGE_STANDARD = "gnu++0x";
				CLANG_CXX_LIBRARY = "libc++";
				CLANG_ENABLE_MODULES = YES;
				CLANG_ENABLE_OBJC_ARC = YES;
				CLANG_WARN_BOOL_CONVERSION = YES;
				CLANG_WARN_CONSTANT_CONVERSION = YES;
				CLANG_WARN_DIRECT_OBJC_ISA_USAGE = YES_ERROR;
				CLANG_WARN_EMPTY_BODY = YES;
				CLANG_WARN_ENUM_CONVERSION = YES;
				CLANG_WARN_INT_CONVERSION = YES;
				CLANG_WARN_OBJC_ROOT_CLASS = YES_ERROR;
				CLANG_WARN_UNREACHABLE_CODE = YES;
				CLANG_WARN__DUPLICATE_METHOD_MATCH = YES;
				"CODE_SIGN_IDENTITY[sdk=iphoneos*]" = "iPhone Developer";
				COPY_PHASE_STRIP = NO;
				DEBUG_INFORMATION_FORMAT = dwarf;
				ENABLE_STRICT_OBJC_MSGSEND = YES;
				ENABLE_TESTABILITY = YES;
				GCC_C_LANGUAGE_STANDARD = gnu99;
				GCC_DYNAMIC_NO_PIC = NO;
				GCC_NO_COMMON_BLOCKS = YES;
				GCC_OPTIMIZATION_LEVEL = 0;
				GCC_PREPROCESSOR_DEFINITIONS = (
					"DEBUG=1",
					"$(inherited)",
				);
				GCC_WARN_64_TO_32_BIT_CONVERSION = YES;
				GCC_WARN_ABOUT_RETURN_TYPE = YES_ERROR;
				GCC_WARN_UNDECLARED_SELECTOR = YES;
				GCC_WARN_UNINITIALIZED_AUTOS = YES_AGGRESSIVE;
				GCC_WARN_UNUSED_FUNCTION = YES;
				GCC_WARN_UNUSED_VARIABLE = YES;
				IPHONEOS_DEPLOYMENT_TARGET = 9.3;
				MTL_ENABLE_DEBUG_INFO = YES;
				ONLY_ACTIVE_ARCH = YES;
				SDKROOT = iphoneos;
				SWIFT_OPTIMIZATION_LEVEL = "-Onone";
			};
			name = Debug;
		};
		B6D4F1881CD8CAFD009B39E0 /* Release */ = {
			isa = XCBuildConfiguration;
			buildSettings = {
				ALWAYS_SEARCH_USER_PATHS = NO;
				CLANG_ANALYZER_NONNULL = YES;
				CLANG_CXX_LANGUAGE_STANDARD = "gnu++0x";
				CLANG_CXX_LIBRARY = "libc++";
				CLANG_ENABLE_MODULES = YES;
				CLANG_ENABLE_OBJC_ARC = YES;
				CLANG_WARN_BOOL_CONVERSION = YES;
				CLANG_WARN_CONSTANT_CONVERSION = YES;
				CLANG_WARN_DIRECT_OBJC_ISA_USAGE = YES_ERROR;
				CLANG_WARN_EMPTY_BODY = YES;
				CLANG_WARN_ENUM_CONVERSION = YES;
				CLANG_WARN_INT_CONVERSION = YES;
				CLANG_WARN_OBJC_ROOT_CLASS = YES_ERROR;
				CLANG_WARN_UNREACHABLE_CODE = YES;
				CLANG_WARN__DUPLICATE_METHOD_MATCH = YES;
				"CODE_SIGN_IDENTITY[sdk=iphoneos*]" = "iPhone Developer";
				COPY_PHASE_STRIP = NO;
				DEBUG_INFORMATION_FORMAT = "dwarf-with-dsym";
				ENABLE_NS_ASSERTIONS = NO;
				ENABLE_STRICT_OBJC_MSGSEND = YES;
				GCC_C_LANGUAGE_STANDARD = gnu99;
				GCC_NO_COMMON_BLOCKS = YES;
				GCC_WARN_64_TO_32_BIT_CONVERSION = YES;
				GCC_WARN_ABOUT_RETURN_TYPE = YES_ERROR;
				GCC_WARN_UNDECLARED_SELECTOR = YES;
				GCC_WARN_UNINITIALIZED_AUTOS = YES_AGGRESSIVE;
				GCC_WARN_UNUSED_FUNCTION = YES;
				GCC_WARN_UNUSED_VARIABLE = YES;
				IPHONEOS_DEPLOYMENT_TARGET = 9.3;
				MTL_ENABLE_DEBUG_INFO = NO;
				SDKROOT = iphoneos;
				VALIDATE_PRODUCT = YES;
			};
			name = Release;
		};
		B6D4F18A1CD8CAFD009B39E0 /* Debug */ = {
			isa = XCBuildConfiguration;
			baseConfigurationReference = BA8A2A7C4F10B984855F9083 /* Pods-WTBilibili.debug.xcconfig */;
			buildSettings = {
				ASSETCATALOG_COMPILER_APPICON_NAME = AppIcon;
				ASSETCATALOG_COMPILER_LAUNCHIMAGE_NAME = LaunchImage;
				CLANG_ENABLE_MODULES = YES;
				CODE_SIGN_IDENTITY = "iPhone Developer";
				"CODE_SIGN_IDENTITY[sdk=iphoneos*]" = "iPhone Developer";
				ENABLE_BITCODE = NO;
				FRAMEWORK_SEARCH_PATHS = (
					"$(inherited)",
					"$(PROJECT_DIR)/WTBilibili",
					"$(PROJECT_DIR)",
				);
				INFOPLIST_FILE = WTBilibili/Info.plist;
				IPHONEOS_DEPLOYMENT_TARGET = 9.0;
				LD_RUNPATH_SEARCH_PATHS = "$(inherited) @executable_path/Frameworks";
				LIBRARY_SEARCH_PATHS = (
					"$(inherited)",
					"$(PROJECT_DIR)",
				);
				PRODUCT_BUNDLE_IDENTIFIER = com.wutouqishi.bilibili2;
				PRODUCT_NAME = "$(TARGET_NAME)";
				PROVISIONING_PROFILE = "";
				SWIFT_OBJC_BRIDGING_HEADER = "WTBilibili/Other-其他/WTBilibili-Bridging-Header.h";
				SWIFT_OPTIMIZATION_LEVEL = "-Onone";
			};
			name = Debug;
		};
		B6D4F18B1CD8CAFD009B39E0 /* Release */ = {
			isa = XCBuildConfiguration;
			baseConfigurationReference = 6698BF783E60EC7413211644 /* Pods-WTBilibili.release.xcconfig */;
			buildSettings = {
				ASSETCATALOG_COMPILER_APPICON_NAME = AppIcon;
				ASSETCATALOG_COMPILER_LAUNCHIMAGE_NAME = LaunchImage;
				CLANG_ENABLE_MODULES = YES;
				CODE_SIGN_IDENTITY = "iPhone Developer";
				"CODE_SIGN_IDENTITY[sdk=iphoneos*]" = "iPhone Developer";
				ENABLE_BITCODE = NO;
				FRAMEWORK_SEARCH_PATHS = (
					"$(inherited)",
					"$(PROJECT_DIR)/WTBilibili",
					"$(PROJECT_DIR)",
				);
				INFOPLIST_FILE = WTBilibili/Info.plist;
				IPHONEOS_DEPLOYMENT_TARGET = 9.0;
				LD_RUNPATH_SEARCH_PATHS = "$(inherited) @executable_path/Frameworks";
				LIBRARY_SEARCH_PATHS = (
					"$(inherited)",
					"$(PROJECT_DIR)",
				);
				PRODUCT_BUNDLE_IDENTIFIER = com.wutouqishi.bilibili2;
				PRODUCT_NAME = "$(TARGET_NAME)";
				PROVISIONING_PROFILE = "";
				SWIFT_OBJC_BRIDGING_HEADER = "WTBilibili/Other-其他/WTBilibili-Bridging-Header.h";
			};
			name = Release;
		};
/* End XCBuildConfiguration section */

/* Begin XCConfigurationList section */
		B6D4F1721CD8CAFC009B39E0 /* Build configuration list for PBXProject "WTBilibili" */ = {
			isa = XCConfigurationList;
			buildConfigurations = (
				B6D4F1871CD8CAFD009B39E0 /* Debug */,
				B6D4F1881CD8CAFD009B39E0 /* Release */,
			);
			defaultConfigurationIsVisible = 0;
			defaultConfigurationName = Release;
		};
		B6D4F1891CD8CAFD009B39E0 /* Build configuration list for PBXNativeTarget "WTBilibili" */ = {
			isa = XCConfigurationList;
			buildConfigurations = (
				B6D4F18A1CD8CAFD009B39E0 /* Debug */,
				B6D4F18B1CD8CAFD009B39E0 /* Release */,
			);
			defaultConfigurationIsVisible = 0;
			defaultConfigurationName = Release;
		};
/* End XCConfigurationList section */
	};
	rootObject = B6D4F16F1CD8CAFC009B39E0 /* Project object */;
}
